// !$*UTF8*$!
{
	archiveVersion = 1;
	classes = {
	};
	objectVersion = 50;
	objects = {

/* Begin PBXBuildFile section */
		CF6414EA23E4C210009C7A9E /* TemplateTests.swift in Sources */ = {isa = PBXBuildFile; fileRef = CF6414E923E4C210009C7A9E /* TemplateTests.swift */; };
		CFD3A6B723DA308A00EB6D4D /* AppDelegate.swift in Sources */ = {isa = PBXBuildFile; fileRef = CFD3A6AC23DA308900EB6D4D /* AppDelegate.swift */; };
		CFD3A6B923DA308A00EB6D4D /* MainScreenView.swift in Sources */ = {isa = PBXBuildFile; fileRef = CFD3A6AF23DA308A00EB6D4D /* MainScreenView.swift */; };
		CFD3A6BB23DA308A00EB6D4D /* Assets.xcassets in Resources */ = {isa = PBXBuildFile; fileRef = CFD3A6B423DA308A00EB6D4D /* Assets.xcassets */; };
		CFD3A6D723DA41FE00EB6D4D /* Localizable-pt-BR.strings in Resources */ = {isa = PBXBuildFile; fileRef = CFD3A6CF23DA3F9700EB6D4D /* Localizable-pt-BR.strings */; };
		CFD3A6DA23DA443200EB6D4D /* LocalizedText.swift in Sources */ = {isa = PBXBuildFile; fileRef = CFD3A6D923DA443200EB6D4D /* LocalizedText.swift */; };
		CFD3A6DC23DA462000EB6D4D /* Launch Screen.storyboard in Resources */ = {isa = PBXBuildFile; fileRef = CFD3A6DB23DA462000EB6D4D /* Launch Screen.storyboard */; };
/* End PBXBuildFile section */

/* Begin PBXContainerItemProxy section */
		CF6414E423E4C1CF009C7A9E /* PBXContainerItemProxy */ = {
			isa = PBXContainerItemProxy;
			containerPortal = CF9601A623DA2A1E00916EF1 /* Project object */;
			proxyType = 1;
			remoteGlobalIDString = CF9601AD23DA2A1E00916EF1;
			remoteInfo = BaseProjectTarget;
		};
/* End PBXContainerItemProxy section */

/* Begin PBXFileReference section */
		CF24569923E4C55B00A1968D /* BaseProjectTarget-Info.plist */ = {isa = PBXFileReference; fileEncoding = 4; lastKnownFileType = text.plist.xml; path = "BaseProjectTarget-Info.plist"; sourceTree = "<group>"; };
		CF6414DF23E4C1CF009C7A9E /* github-personTests.xctest */ = {isa = PBXFileReference; explicitFileType = wrapper.cfbundle; includeInIndex = 0; path = "github-personTests.xctest"; sourceTree = BUILT_PRODUCTS_DIR; };
		CF6414E923E4C210009C7A9E /* TemplateTests.swift */ = {isa = PBXFileReference; lastKnownFileType = sourcecode.swift; path = TemplateTests.swift; sourceTree = "<group>"; };
		CF9601AE23DA2A1E00916EF1 /* github-person.app */ = {isa = PBXFileReference; explicitFileType = wrapper.application; includeInIndex = 0; path = "github-person.app"; sourceTree = BUILT_PRODUCTS_DIR; };
		CFD3A6AC23DA308900EB6D4D /* AppDelegate.swift */ = {isa = PBXFileReference; fileEncoding = 4; lastKnownFileType = sourcecode.swift; path = AppDelegate.swift; sourceTree = "<group>"; };
		CFD3A6AF23DA308A00EB6D4D /* MainScreenView.swift */ = {isa = PBXFileReference; fileEncoding = 4; lastKnownFileType = sourcecode.swift; path = MainScreenView.swift; sourceTree = "<group>"; };
		CFD3A6B223DA308A00EB6D4D /* Info.plist */ = {isa = PBXFileReference; fileEncoding = 4; lastKnownFileType = text.plist.xml; path = Info.plist; sourceTree = "<group>"; };
		CFD3A6B423DA308A00EB6D4D /* Assets.xcassets */ = {isa = PBXFileReference; lastKnownFileType = folder.assetcatalog; path = Assets.xcassets; sourceTree = "<group>"; };
		CFD3A6CE23DA3F9700EB6D4D /* pt-BR */ = {isa = PBXFileReference; lastKnownFileType = text.plist.strings; name = "pt-BR"; path = "pt-BR.lproj/Localizable-pt-BR.strings"; sourceTree = "<group>"; };
		CFD3A6D923DA443200EB6D4D /* LocalizedText.swift */ = {isa = PBXFileReference; lastKnownFileType = sourcecode.swift; path = LocalizedText.swift; sourceTree = "<group>"; };
		CFD3A6DB23DA462000EB6D4D /* Launch Screen.storyboard */ = {isa = PBXFileReference; lastKnownFileType = file.storyboard; path = "Launch Screen.storyboard"; sourceTree = "<group>"; };
/* End PBXFileReference section */

/* Begin PBXFrameworksBuildPhase section */
		CF6414DC23E4C1CF009C7A9E /* Frameworks */ = {
			isa = PBXFrameworksBuildPhase;
			buildActionMask = 2147483647;
			files = (
			);
			runOnlyForDeploymentPostprocessing = 0;
		};
		CF9601AB23DA2A1E00916EF1 /* Frameworks */ = {
			isa = PBXFrameworksBuildPhase;
			buildActionMask = 2147483647;
			files = (
			);
			runOnlyForDeploymentPostprocessing = 0;
		};
/* End PBXFrameworksBuildPhase section */

/* Begin PBXGroup section */
		CF9601A523DA2A1E00916EF1 = {
			isa = PBXGroup;
			children = (
				CFD3A6A323DA302E00EB6D4D /* source */,
				CF9601AF23DA2A1E00916EF1 /* Products */,
			);
			sourceTree = "<group>";
		};
		CF9601AF23DA2A1E00916EF1 /* Products */ = {
			isa = PBXGroup;
			children = (
				CF9601AE23DA2A1E00916EF1 /* github-person.app */,
				CF6414DF23E4C1CF009C7A9E /* github-personTests.xctest */,
			);
			name = Products;
			sourceTree = "<group>";
		};
		CFD3A6A323DA302E00EB6D4D /* source */ = {
			isa = PBXGroup;
			children = (
				CFD3A6A423DA304200EB6D4D /* app */,
				CFD3A6BD23DA30EF00EB6D4D /* test */,
			);
			path = source;
			sourceTree = "<group>";
		};
		CFD3A6A423DA304200EB6D4D /* app */ = {
			isa = PBXGroup;
			children = (
				CFD3A6AB23DA308900EB6D4D /* Appdelegates */,
				CFD3A6AE23DA308A00EB6D4D /* MainScreen */,
				CFD3A6B023DA308A00EB6D4D /* supportfiles */,
			);
			path = app;
			sourceTree = "<group>";
		};
		CFD3A6AB23DA308900EB6D4D /* Appdelegates */ = {
			isa = PBXGroup;
			children = (
				CFD3A6AC23DA308900EB6D4D /* AppDelegate.swift */,
			);
			path = Appdelegates;
			sourceTree = "<group>";
		};
		CFD3A6AE23DA308A00EB6D4D /* MainScreen */ = {
			isa = PBXGroup;
			children = (
				CFD3A6AF23DA308A00EB6D4D /* MainScreenView.swift */,
			);
			path = MainScreen;
			sourceTree = "<group>";
		};
		CFD3A6B023DA308A00EB6D4D /* supportfiles */ = {
			isa = PBXGroup;
			children = (
				CFD3A6C523DA3F1F00EB6D4D /* LocalizableStrings */,
				CFD3A6B123DA308A00EB6D4D /* plists */,
				CFD3A6B323DA308A00EB6D4D /* assets */,
			);
			path = supportfiles;
			sourceTree = "<group>";
		};
		CFD3A6B123DA308A00EB6D4D /* plists */ = {
			isa = PBXGroup;
			children = (
				CFD3A6B223DA308A00EB6D4D /* Info.plist */,
			);
			path = plists;
			sourceTree = "<group>";
		};
		CFD3A6B323DA308A00EB6D4D /* assets */ = {
			isa = PBXGroup;
			children = (
				CFD3A6B423DA308A00EB6D4D /* Assets.xcassets */,
				CFD3A6DB23DA462000EB6D4D /* Launch Screen.storyboard */,
			);
			path = assets;
			sourceTree = "<group>";
		};
		CFD3A6BD23DA30EF00EB6D4D /* test */ = {
			isa = PBXGroup;
			children = (
				CF6414E923E4C210009C7A9E /* TemplateTests.swift */,
				CF24569923E4C55B00A1968D /* BaseProjectTarget-Info.plist */,
			);
			path = test;
			sourceTree = "<group>";
		};
		CFD3A6C523DA3F1F00EB6D4D /* LocalizableStrings */ = {
			isa = PBXGroup;
			children = (
				CFD3A6CF23DA3F9700EB6D4D /* Localizable-pt-BR.strings */,
				CFD3A6D923DA443200EB6D4D /* LocalizedText.swift */,
			);
			path = LocalizableStrings;
			sourceTree = "<group>";
		};
/* End PBXGroup section */

/* Begin PBXNativeTarget section */
		CF6414DE23E4C1CF009C7A9E /* github-personTests */ = {
			isa = PBXNativeTarget;
			buildConfigurationList = CF6414E623E4C1CF009C7A9E /* Build configuration list for PBXNativeTarget "github-personTests" */;
			buildPhases = (
				CF6414DB23E4C1CF009C7A9E /* Sources */,
				CF6414DC23E4C1CF009C7A9E /* Frameworks */,
				CF6414DD23E4C1CF009C7A9E /* Resources */,
			);
			buildRules = (
			);
			dependencies = (
				CF6414E523E4C1CF009C7A9E /* PBXTargetDependency */,
			);
			name = "github-personTests";
			productName = BaseProjectTargetTests;
			productReference = CF6414DF23E4C1CF009C7A9E /* github-personTests.xctest */;
			productType = "com.apple.product-type.bundle.unit-test";
		};
		CF9601AD23DA2A1E00916EF1 /* github-person */ = {
			isa = PBXNativeTarget;
			buildConfigurationList = CF9601C223DA2A2200916EF1 /* Build configuration list for PBXNativeTarget "github-person" */;
			buildPhases = (
				CF9601AA23DA2A1E00916EF1 /* Sources */,
				CF9601AB23DA2A1E00916EF1 /* Frameworks */,
				CF9601AC23DA2A1E00916EF1 /* Resources */,
				CFD3A6BF23DA3DC600EB6D4D /* Swiftlint */,
			);
			buildRules = (
			);
			dependencies = (
			);
			name = "github-person";
			productName = "github-person";
			productReference = CF9601AE23DA2A1E00916EF1 /* github-person.app */;
			productType = "com.apple.product-type.application";
		};
/* End PBXNativeTarget section */

/* Begin PBXProject section */
		CF9601A623DA2A1E00916EF1 /* Project object */ = {
			isa = PBXProject;
			attributes = {
				LastSwiftUpdateCheck = 1130;
				LastUpgradeCheck = 1420;
				ORGANIZATIONNAME = developer_organization_name;
				TargetAttributes = {
					CF6414DE23E4C1CF009C7A9E = {
						CreatedOnToolsVersion = 11.3.1;
						TestTargetID = CF9601AD23DA2A1E00916EF1;
					};
					CF9601AD23DA2A1E00916EF1 = {
						CreatedOnToolsVersion = 11.3.1;
					};
				};
			};
			buildConfigurationList = CF9601A923DA2A1E00916EF1 /* Build configuration list for PBXProject "github-person" */;
			compatibilityVersion = "Xcode 9.3";
			developmentRegion = en;
			hasScannedForEncodings = 0;
			knownRegions = (
				en,
				Base,
				"pt-BR",
			);
			mainGroup = CF9601A523DA2A1E00916EF1;
			productRefGroup = CF9601AF23DA2A1E00916EF1 /* Products */;
			projectDirPath = "";
			projectRoot = "";
			targets = (
				CF9601AD23DA2A1E00916EF1 /* github-person */,
				CF6414DE23E4C1CF009C7A9E /* github-personTests */,
			);
		};
/* End PBXProject section */

/* Begin PBXResourcesBuildPhase section */
		CF6414DD23E4C1CF009C7A9E /* Resources */ = {
			isa = PBXResourcesBuildPhase;
			buildActionMask = 2147483647;
			files = (
			);
			runOnlyForDeploymentPostprocessing = 0;
		};
		CF9601AC23DA2A1E00916EF1 /* Resources */ = {
			isa = PBXResourcesBuildPhase;
			buildActionMask = 2147483647;
			files = (
				CFD3A6D723DA41FE00EB6D4D /* Localizable-pt-BR.strings in Resources */,
				CFD3A6DC23DA462000EB6D4D /* Launch Screen.storyboard in Resources */,
				CFD3A6BB23DA308A00EB6D4D /* Assets.xcassets in Resources */,
			);
			runOnlyForDeploymentPostprocessing = 0;
		};
/* End PBXResourcesBuildPhase section */

/* Begin PBXShellScriptBuildPhase section */
		CFD3A6BF23DA3DC600EB6D4D /* Swiftlint */ = {
			isa = PBXShellScriptBuildPhase;
			buildActionMask = 2147483647;
			files = (
			);
			inputFileListPaths = (
			);
			inputPaths = (
			);
			name = Swiftlint;
			outputFileListPaths = (
			);
			outputPaths = (
			);
			runOnlyForDeploymentPostprocessing = 0;
			shellPath = /bin/sh;
			shellScript = "# Type a script or drag a script file from your workspace to insert its path.\nif which swiftlint >/dev/null; then\nswiftlint\nelse\necho \"warning: SwiftLint not installed, download from https://github.com/realm/SwiftLint\"\nfi\n";
		};
/* End PBXShellScriptBuildPhase section */

/* Begin PBXSourcesBuildPhase section */
		CF6414DB23E4C1CF009C7A9E /* Sources */ = {
			isa = PBXSourcesBuildPhase;
			buildActionMask = 2147483647;
			files = (
				CF6414EA23E4C210009C7A9E /* TemplateTests.swift in Sources */,
			);
			runOnlyForDeploymentPostprocessing = 0;
		};
		CF9601AA23DA2A1E00916EF1 /* Sources */ = {
			isa = PBXSourcesBuildPhase;
			buildActionMask = 2147483647;
			files = (
				CFD3A6B723DA308A00EB6D4D /* AppDelegate.swift in Sources */,
				CFD3A6B923DA308A00EB6D4D /* MainScreenView.swift in Sources */,
				CFD3A6DA23DA443200EB6D4D /* LocalizedText.swift in Sources */,
			);
			runOnlyForDeploymentPostprocessing = 0;
		};
/* End PBXSourcesBuildPhase section */

/* Begin PBXTargetDependency section */
		CF6414E523E4C1CF009C7A9E /* PBXTargetDependency */ = {
			isa = PBXTargetDependency;
			target = CF9601AD23DA2A1E00916EF1 /* github-person */;
			targetProxy = CF6414E423E4C1CF009C7A9E /* PBXContainerItemProxy */;
		};
/* End PBXTargetDependency section */

/* Begin PBXVariantGroup section */
		CFD3A6CF23DA3F9700EB6D4D /* Localizable-pt-BR.strings */ = {
			isa = PBXVariantGroup;
			children = (
				CFD3A6CE23DA3F9700EB6D4D /* pt-BR */,
			);
			name = "Localizable-pt-BR.strings";
			sourceTree = "<group>";
		};
/* End PBXVariantGroup section */

/* Begin XCBuildConfiguration section */
		CF6414E723E4C1CF009C7A9E /* Debug */ = {
			isa = XCBuildConfiguration;
			buildSettings = {
				BUNDLE_LOADER = "$(TEST_HOST)";
				CODE_SIGN_STYLE = Automatic;
				INFOPLIST_FILE = "$(SRCROOT)/source/test/BaseProjectTarget-Info.plist";
				IPHONEOS_DEPLOYMENT_TARGET = 14.0;
				LD_RUNPATH_SEARCH_PATHS = (
					"$(inherited)",
					"@executable_path/Frameworks",
					"@loader_path/Frameworks",
				);
				PRODUCT_BUNDLE_IDENTIFIER = "com.domain-developer.BaseProjectTargetTests";
				PRODUCT_NAME = "$(TARGET_NAME)";
				SWIFT_VERSION = 5.0;
				TARGETED_DEVICE_FAMILY = "1,2";
				TEST_HOST = "$(BUILT_PRODUCTS_DIR)/BaseProjectTarget.app/BaseProjectTarget";
			};
			name = Debug;
		};
		CF6414E823E4C1CF009C7A9E /* Release */ = {
			isa = XCBuildConfiguration;
			buildSettings = {
				BUNDLE_LOADER = "$(TEST_HOST)";
				CODE_SIGN_STYLE = Automatic;
				INFOPLIST_FILE = "$(SRCROOT)/source/test/BaseProjectTarget-Info.plist";
				IPHONEOS_DEPLOYMENT_TARGET = 14.0;
				LD_RUNPATH_SEARCH_PATHS = (
					"$(inherited)",
					"@executable_path/Frameworks",
					"@loader_path/Frameworks",
				);
				PRODUCT_BUNDLE_IDENTIFIER = "com.domain-developer.BaseProjectTargetTests";
				PRODUCT_NAME = "$(TARGET_NAME)";
				SWIFT_VERSION = 5.0;
				TARGETED_DEVICE_FAMILY = "1,2";
				TEST_HOST = "$(BUILT_PRODUCTS_DIR)/BaseProjectTarget.app/BaseProjectTarget";
			};
			name = Release;
		};
		CF9601C023DA2A2200916EF1 /* Debug */ = {
			isa = XCBuildConfiguration;
			buildSettings = {
				ALWAYS_SEARCH_USER_PATHS = NO;
				CLANG_ANALYZER_LOCALIZABILITY_NONLOCALIZED = YES;
				CLANG_ANALYZER_NONNULL = YES;
				CLANG_ANALYZER_NUMBER_OBJECT_CONVERSION = YES_AGGRESSIVE;
				CLANG_CXX_LANGUAGE_STANDARD = "gnu++14";
				CLANG_CXX_LIBRARY = "libc++";
				CLANG_ENABLE_MODULES = YES;
				CLANG_ENABLE_OBJC_ARC = YES;
				CLANG_ENABLE_OBJC_WEAK = YES;
				CLANG_WARN_BLOCK_CAPTURE_AUTORELEASING = YES;
				CLANG_WARN_BOOL_CONVERSION = YES;
				CLANG_WARN_COMMA = YES;
				CLANG_WARN_CONSTANT_CONVERSION = YES;
				CLANG_WARN_DEPRECATED_OBJC_IMPLEMENTATIONS = YES;
				CLANG_WARN_DIRECT_OBJC_ISA_USAGE = YES_ERROR;
				CLANG_WARN_DOCUMENTATION_COMMENTS = YES;
				CLANG_WARN_EMPTY_BODY = YES;
				CLANG_WARN_ENUM_CONVERSION = YES;
				CLANG_WARN_INFINITE_RECURSION = YES;
				CLANG_WARN_INT_CONVERSION = YES;
				CLANG_WARN_NON_LITERAL_NULL_CONVERSION = YES;
				CLANG_WARN_OBJC_IMPLICIT_RETAIN_SELF = YES;
				CLANG_WARN_OBJC_LITERAL_CONVERSION = YES;
				CLANG_WARN_OBJC_ROOT_CLASS = YES_ERROR;
				CLANG_WARN_QUOTED_INCLUDE_IN_FRAMEWORK_HEADER = YES;
				CLANG_WARN_RANGE_LOOP_ANALYSIS = YES;
				CLANG_WARN_STRICT_PROTOTYPES = YES;
				CLANG_WARN_SUSPICIOUS_MOVE = YES;
				CLANG_WARN_UNGUARDED_AVAILABILITY = YES_AGGRESSIVE;
				CLANG_WARN_UNREACHABLE_CODE = YES;
				CLANG_WARN__DUPLICATE_METHOD_MATCH = YES;
				COPY_PHASE_STRIP = NO;
				DEBUG_INFORMATION_FORMAT = dwarf;
				ENABLE_STRICT_OBJC_MSGSEND = YES;
				ENABLE_TESTABILITY = YES;
				GCC_C_LANGUAGE_STANDARD = gnu11;
				GCC_DYNAMIC_NO_PIC = NO;
				GCC_NO_COMMON_BLOCKS = YES;
				GCC_OPTIMIZATION_LEVEL = 0;
				GCC_PREPROCESSOR_DEFINITIONS = (
					"DEBUG=1",
					"$(inherited)",
				);
				GCC_WARN_64_TO_32_BIT_CONVERSION = YES;
				GCC_WARN_ABOUT_RETURN_TYPE = YES_ERROR;
				GCC_WARN_UNDECLARED_SELECTOR = YES;
				GCC_WARN_UNINITIALIZED_AUTOS = YES_AGGRESSIVE;
				GCC_WARN_UNUSED_FUNCTION = YES;
				GCC_WARN_UNUSED_VARIABLE = YES;
				IPHONEOS_DEPLOYMENT_TARGET = 14.0;
				MTL_ENABLE_DEBUG_INFO = INCLUDE_SOURCE;
				MTL_FAST_MATH = YES;
				ONLY_ACTIVE_ARCH = YES;
				SDKROOT = iphoneos;
				SWIFT_ACTIVE_COMPILATION_CONDITIONS = DEBUG;
				SWIFT_OPTIMIZATION_LEVEL = "-Onone";
			};
			name = Debug;
		};
		CF9601C123DA2A2200916EF1 /* Release */ = {
			isa = XCBuildConfiguration;
			buildSettings = {
				ALWAYS_SEARCH_USER_PATHS = NO;
				CLANG_ANALYZER_LOCALIZABILITY_NONLOCALIZED = YES;
				CLANG_ANALYZER_NONNULL = YES;
				CLANG_ANALYZER_NUMBER_OBJECT_CONVERSION = YES_AGGRESSIVE;
				CLANG_CXX_LANGUAGE_STANDARD = "gnu++14";
				CLANG_CXX_LIBRARY = "libc++";
				CLANG_ENABLE_MODULES = YES;
				CLANG_ENABLE_OBJC_ARC = YES;
				CLANG_ENABLE_OBJC_WEAK = YES;
				CLANG_WARN_BLOCK_CAPTURE_AUTORELEASING = YES;
				CLANG_WARN_BOOL_CONVERSION = YES;
				CLANG_WARN_COMMA = YES;
				CLANG_WARN_CONSTANT_CONVERSION = YES;
				CLANG_WARN_DEPRECATED_OBJC_IMPLEMENTATIONS = YES;
				CLANG_WARN_DIRECT_OBJC_ISA_USAGE = YES_ERROR;
				CLANG_WARN_DOCUMENTATION_COMMENTS = YES;
				CLANG_WARN_EMPTY_BODY = YES;
				CLANG_WARN_ENUM_CONVERSION = YES;
				CLANG_WARN_INFINITE_RECURSION = YES;
				CLANG_WARN_INT_CONVERSION = YES;
				CLANG_WARN_NON_LITERAL_NULL_CONVERSION = YES;
				CLANG_WARN_OBJC_IMPLICIT_RETAIN_SELF = YES;
				CLANG_WARN_OBJC_LITERAL_CONVERSION = YES;
				CLANG_WARN_OBJC_ROOT_CLASS = YES_ERROR;
				CLANG_WARN_QUOTED_INCLUDE_IN_FRAMEWORK_HEADER = YES;
				CLANG_WARN_RANGE_LOOP_ANALYSIS = YES;
				CLANG_WARN_STRICT_PROTOTYPES = YES;
				CLANG_WARN_SUSPICIOUS_MOVE = YES;
				CLANG_WARN_UNGUARDED_AVAILABILITY = YES_AGGRESSIVE;
				CLANG_WARN_UNREACHABLE_CODE = YES;
				CLANG_WARN__DUPLICATE_METHOD_MATCH = YES;
				COPY_PHASE_STRIP = NO;
				DEBUG_INFORMATION_FORMAT = "dwarf-with-dsym";
				ENABLE_NS_ASSERTIONS = NO;
				ENABLE_STRICT_OBJC_MSGSEND = YES;
				GCC_C_LANGUAGE_STANDARD = gnu11;
				GCC_NO_COMMON_BLOCKS = YES;
				GCC_WARN_64_TO_32_BIT_CONVERSION = YES;
				GCC_WARN_ABOUT_RETURN_TYPE = YES_ERROR;
				GCC_WARN_UNDECLARED_SELECTOR = YES;
				GCC_WARN_UNINITIALIZED_AUTOS = YES_AGGRESSIVE;
				GCC_WARN_UNUSED_FUNCTION = YES;
				GCC_WARN_UNUSED_VARIABLE = YES;
				IPHONEOS_DEPLOYMENT_TARGET = 14.0;
				MTL_ENABLE_DEBUG_INFO = NO;
				MTL_FAST_MATH = YES;
				SDKROOT = iphoneos;
				SWIFT_COMPILATION_MODE = wholemodule;
				SWIFT_OPTIMIZATION_LEVEL = "-O";
				VALIDATE_PRODUCT = YES;
			};
			name = Release;
		};
		CF9601C323DA2A2200916EF1 /* Debug */ = {
			isa = XCBuildConfiguration;
			buildSettings = {
				ASSETCATALOG_COMPILER_APPICON_NAME = AppIcon;
				CODE_SIGN_STYLE = Automatic;
				INFOPLIST_FILE = "$(SRCROOT)/source/app/supportfiles/plists/Info.plist";
				IPHONEOS_DEPLOYMENT_TARGET = 14.0;
				LD_RUNPATH_SEARCH_PATHS = (
					"$(inherited)",
					"@executable_path/Frameworks",
				);
				PRODUCT_BUNDLE_IDENTIFIER = "com.domain-developer.github-person";
				PRODUCT_NAME = "$(TARGET_NAME)";
				SWIFT_VERSION = 5.0;
				TARGETED_DEVICE_FAMILY = "1,2";
			};
			name = Debug;
		};
		CF9601C423DA2A2200916EF1 /* Release */ = {
			isa = XCBuildConfiguration;
			buildSettings = {
				ASSETCATALOG_COMPILER_APPICON_NAME = AppIcon;
				CODE_SIGN_STYLE = Automatic;
				INFOPLIST_FILE = "$(SRCROOT)/source/app/supportfiles/plists/Info.plist";
				IPHONEOS_DEPLOYMENT_TARGET = 14.0;
				LD_RUNPATH_SEARCH_PATHS = (
					"$(inherited)",
					"@executable_path/Frameworks",
				);
				PRODUCT_BUNDLE_IDENTIFIER = "com.domain-developer.github-person";
				PRODUCT_NAME = "$(TARGET_NAME)";
				SWIFT_VERSION = 5.0;
				TARGETED_DEVICE_FAMILY = "1,2";
			};
			name = Release;
		};
/* End XCBuildConfiguration section */

/* Begin XCConfigurationList section */
		CF6414E623E4C1CF009C7A9E /* Build configuration list for PBXNativeTarget "github-personTests" */ = {
			isa = XCConfigurationList;
			buildConfigurations = (
				CF6414E723E4C1CF009C7A9E /* Debug */,
				CF6414E823E4C1CF009C7A9E /* Release */,
			);
			defaultConfigurationIsVisible = 0;
			defaultConfigurationName = Release;
		};
		CF9601A923DA2A1E00916EF1 /* Build configuration list for PBXProject "github-person" */ = {
			isa = XCConfigurationList;
			buildConfigurations = (
				CF9601C023DA2A2200916EF1 /* Debug */,
				CF9601C123DA2A2200916EF1 /* Release */,
			);
			defaultConfigurationIsVisible = 0;
			defaultConfigurationName = Release;
		};
		CF9601C223DA2A2200916EF1 /* Build configuration list for PBXNativeTarget "github-person" */ = {
			isa = XCConfigurationList;
			buildConfigurations = (
				CF9601C323DA2A2200916EF1 /* Debug */,
				CF9601C423DA2A2200916EF1 /* Release */,
			);
			defaultConfigurationIsVisible = 0;
			defaultConfigurationName = Release;
		};
/* End XCConfigurationList section */
	};
	rootObject = CF9601A623DA2A1E00916EF1 /* Project object */;
}
