// !$*UTF8*$!
{
	archiveVersion = 1;
	classes = {
	};
	objectVersion = 54;
	objects = {

/* Begin PBXBuildFile section */
		CF2C52662A2A4A7400ECEB24 /* NetworkErrorTests.swift in Sources */ = {isa = PBXBuildFile; fileRef = CF2C52652A2A4A7400ECEB24 /* NetworkErrorTests.swift */; };
		CF2C52682A2A508600ECEB24 /* APIRoutesTests.swift in Sources */ = {isa = PBXBuildFile; fileRef = CF2C52672A2A508600ECEB24 /* APIRoutesTests.swift */; };
		CF2C526A2A2A74B800ECEB24 /* NetworkRequestParameters.swift in Sources */ = {isa = PBXBuildFile; fileRef = CF2C52692A2A74B800ECEB24 /* NetworkRequestParameters.swift */; };
		CF2C526C2A2A8C3C00ECEB24 /* RequestParams.swift in Sources */ = {isa = PBXBuildFile; fileRef = CF2C526B2A2A8C3C00ECEB24 /* RequestParams.swift */; };
		CF2C526E2A2AE9D500ECEB24 /* TableViewAutomaticPaginate.swift in Sources */ = {isa = PBXBuildFile; fileRef = CF2C526D2A2AE9D500ECEB24 /* TableViewAutomaticPaginate.swift */; };
		CF2C52702A2B003900ECEB24 /* YearSelectorView.swift in Sources */ = {isa = PBXBuildFile; fileRef = CF2C526F2A2B003900ECEB24 /* YearSelectorView.swift */; };
		CF2C52752A2B031400ECEB24 /* ButtonFactoryView.swift in Sources */ = {isa = PBXBuildFile; fileRef = CF2C52742A2B031400ECEB24 /* ButtonFactoryView.swift */; };
		CF2C52782A2B131100ECEB24 /* DatePicker.swift in Sources */ = {isa = PBXBuildFile; fileRef = CF2C52772A2B131100ECEB24 /* DatePicker.swift */; };
		CF4D91502A0FFBAE000BE331 /* Coordinator.swift in Sources */ = {isa = PBXBuildFile; fileRef = CF4D914F2A0FFBAE000BE331 /* Coordinator.swift */; };
		CF760DF22A2B8E7500C6D4B9 /* ViewMosaicComposer.swift in Sources */ = {isa = PBXBuildFile; fileRef = CF760DF12A2B8E7500C6D4B9 /* ViewMosaicComposer.swift */; };
		CF760DF42A2BAC8200C6D4B9 /* ViewHandlerEventUpdate.swift in Sources */ = {isa = PBXBuildFile; fileRef = CF760DF32A2BAC8200C6D4B9 /* ViewHandlerEventUpdate.swift */; };
		CF7DC65E2A2DA91A003F455E /* ViewModable.swift in Sources */ = {isa = PBXBuildFile; fileRef = CF7DC65D2A2DA91A003F455E /* ViewModable.swift */; };
		CF7DC6602A2DBB0F003F455E /* CurrencyConversor.swift in Sources */ = {isa = PBXBuildFile; fileRef = CF7DC65F2A2DBB0F003F455E /* CurrencyConversor.swift */; };
		CF7EAAA52A27EA7A006F5D12 /* CardTests.swift in Sources */ = {isa = PBXBuildFile; fileRef = CF7EAAA42A27EA7A006F5D12 /* CardTests.swift */; };
		CF7EAAAF2A282787006F5D12 /* listContent.json in Resources */ = {isa = PBXBuildFile; fileRef = CF7EAAAE2A282787006F5D12 /* listContent.json */; };
		CF7EAAB12A282864006F5D12 /* oneContent.json in Resources */ = {isa = PBXBuildFile; fileRef = CF7EAAB02A282864006F5D12 /* oneContent.json */; };
		CF7EAAB32A2828DD006F5D12 /* MockerContentProvider.swift in Sources */ = {isa = PBXBuildFile; fileRef = CF7EAAB22A2828DD006F5D12 /* MockerContentProvider.swift */; };
		CFAB5CAE2A0FFF110091F1FF /* Card.swift in Sources */ = {isa = PBXBuildFile; fileRef = CFAB5CAD2A0FFF110091F1FF /* Card.swift */; };
		CFAB5CB02A0FFF5A0091F1FF /* NetworkConnectable.swift in Sources */ = {isa = PBXBuildFile; fileRef = CFAB5CAF2A0FFF5A0091F1FF /* NetworkConnectable.swift */; };
		CFAB5CB22A0FFFDE0091F1FF /* Requestable.swift in Sources */ = {isa = PBXBuildFile; fileRef = CFAB5CB12A0FFFDE0091F1FF /* Requestable.swift */; };
		CFAB5CB82A1002B30091F1FF /* Request.swift in Sources */ = {isa = PBXBuildFile; fileRef = CFAB5CB72A1002B30091F1FF /* Request.swift */; };
		CFAB5CBB2A1006160091F1FF /* NetworkHeaderFactory.swift in Sources */ = {isa = PBXBuildFile; fileRef = CFAB5CBA2A1006160091F1FF /* NetworkHeaderFactory.swift */; };
		CFAB5CBD2A100E430091F1FF /* NetworkError.swift in Sources */ = {isa = PBXBuildFile; fileRef = CFAB5CBC2A100E430091F1FF /* NetworkError.swift */; };
		CFAB5CE82A105F010091F1FF /* ListContentPageCoordinator.swift in Sources */ = {isa = PBXBuildFile; fileRef = CFAB5CE32A105F010091F1FF /* ListContentPageCoordinator.swift */; };
		CFAB5CE92A105F010091F1FF /* ListContentPageController.swift in Sources */ = {isa = PBXBuildFile; fileRef = CFAB5CE42A105F010091F1FF /* ListContentPageController.swift */; };
		CFAB5CEA2A105F010091F1FF /* ListContentPageFactory.swift in Sources */ = {isa = PBXBuildFile; fileRef = CFAB5CE52A105F010091F1FF /* ListContentPageFactory.swift */; };
		CFAB5CEB2A105F010091F1FF /* ListContentPageViewModel.swift in Sources */ = {isa = PBXBuildFile; fileRef = CFAB5CE62A105F010091F1FF /* ListContentPageViewModel.swift */; };
		CFAB5CED2A1060620091F1FF /* FactoryPage.swift in Sources */ = {isa = PBXBuildFile; fileRef = CFAB5CEC2A1060620091F1FF /* FactoryPage.swift */; };
		CFAB5CF02A1114ED0091F1FF /* GenericTableViewCell.swift in Sources */ = {isa = PBXBuildFile; fileRef = CFAB5CEF2A1114ED0091F1FF /* GenericTableViewCell.swift */; };
		CFAB5CF32A1117C40091F1FF /* Identifier.swift in Sources */ = {isa = PBXBuildFile; fileRef = CFAB5CF22A1117C40091F1FF /* Identifier.swift */; };
		CFAB5CF52A111A3B0091F1FF /* CardModelHandler.swift in Sources */ = {isa = PBXBuildFile; fileRef = CFAB5CF42A111A3B0091F1FF /* CardModelHandler.swift */; };
		CFAB5CF72A111A840091F1FF /* CustomCell.swift in Sources */ = {isa = PBXBuildFile; fileRef = CFAB5CF62A111A840091F1FF /* CustomCell.swift */; };
		CFAB5CFB2A1121270091F1FF /* CardFactory.swift in Sources */ = {isa = PBXBuildFile; fileRef = CFAB5CFA2A1121270091F1FF /* CardFactory.swift */; };
		CFAB5CFF2A112D620091F1FF /* NetworkRequestContent.swift in Sources */ = {isa = PBXBuildFile; fileRef = CFAB5CFE2A112D620091F1FF /* NetworkRequestContent.swift */; };
		CFAB5D032A11D5480091F1FF /* Model.swift in Sources */ = {isa = PBXBuildFile; fileRef = CFAB5D022A11D5480091F1FF /* Model.swift */; };
		CFAB5D052A11DEE70091F1FF /* LayoutView.swift in Sources */ = {isa = PBXBuildFile; fileRef = CFAB5D042A11DEE70091F1FF /* LayoutView.swift */; };
		CFAB5D082A11E1940091F1FF /* CardListContentView.swift in Sources */ = {isa = PBXBuildFile; fileRef = CFAB5D072A11E1940091F1FF /* CardListContentView.swift */; };
		CFAB5D0C2A11E1DB0091F1FF /* CardDetailContentView.swift in Sources */ = {isa = PBXBuildFile; fileRef = CFAB5D0B2A11E1DB0091F1FF /* CardDetailContentView.swift */; };
		CFAB5D0E2A11EF1B0091F1FF /* CardTouch.swift in Sources */ = {isa = PBXBuildFile; fileRef = CFAB5D0D2A11EF1B0091F1FF /* CardTouch.swift */; };
		CFAB5D162A1208D00091F1FF /* SearchBarFactory.swift in Sources */ = {isa = PBXBuildFile; fileRef = CFAB5D152A1208D00091F1FF /* SearchBarFactory.swift */; };
		CFAB5D182A1217590091F1FF /* ListDataHandler.swift in Sources */ = {isa = PBXBuildFile; fileRef = CFAB5D172A1217590091F1FF /* ListDataHandler.swift */; };
		CFAB5D1E2A127B770091F1FF /* SearchHandlerEvents.swift in Sources */ = {isa = PBXBuildFile; fileRef = CFAB5D1D2A127B770091F1FF /* SearchHandlerEvents.swift */; };
		CFAB5D232A12F2F60091F1FF /* ColorAsset.swift in Sources */ = {isa = PBXBuildFile; fileRef = CFAB5D222A12F2F60091F1FF /* ColorAsset.swift */; };
		CFAB5D262A132D330091F1FF /* LoadingViewController.swift in Sources */ = {isa = PBXBuildFile; fileRef = CFAB5D252A132D330091F1FF /* LoadingViewController.swift */; };
		CFAB5D292A132F200091F1FF /* LoadingPresentable.swift in Sources */ = {isa = PBXBuildFile; fileRef = CFAB5D282A132F200091F1FF /* LoadingPresentable.swift */; };
		CFAB5D2C2A1332930091F1FF /* NavigationController.swift in Sources */ = {isa = PBXBuildFile; fileRef = CFAB5D2B2A1332930091F1FF /* NavigationController.swift */; };
		CFAB5D2E2A13342E0091F1FF /* LoadingManagers.swift in Sources */ = {isa = PBXBuildFile; fileRef = CFAB5D2D2A13342E0091F1FF /* LoadingManagers.swift */; };
		CFAB5D312A133B660091F1FF /* AlertViewFactory.swift in Sources */ = {isa = PBXBuildFile; fileRef = CFAB5D302A133B660091F1FF /* AlertViewFactory.swift */; };
		CFAB5D332A133C410091F1FF /* AlertPresentable.swift in Sources */ = {isa = PBXBuildFile; fileRef = CFAB5D322A133C410091F1FF /* AlertPresentable.swift */; };
		CFB2971A2A26F17000CA95C3 /* Empty.swift in Sources */ = {isa = PBXBuildFile; fileRef = CFB297192A26F17000CA95C3 /* Empty.swift */; };
		CFC2F17F2A2517AD00A25148 /* Realm in Frameworks */ = {isa = PBXBuildFile; productRef = CFC2F17E2A2517AD00A25148 /* Realm */; };
		CFC2F1812A2517AD00A25148 /* RealmSwift in Frameworks */ = {isa = PBXBuildFile; productRef = CFC2F1802A2517AD00A25148 /* RealmSwift */; };
		CFC405AF2A254C1600222F60 /* Comics.swift in Sources */ = {isa = PBXBuildFile; fileRef = CFC405AE2A254C1600222F60 /* Comics.swift */; };
		CFC405B12A2553EC00222F60 /* APISecurity.swift in Sources */ = {isa = PBXBuildFile; fileRef = CFC405B02A2553EC00222F60 /* APISecurity.swift */; };
		CFC405B92A25694A00222F60 /* PaginateResponse.swift in Sources */ = {isa = PBXBuildFile; fileRef = CFC405B82A25694A00222F60 /* PaginateResponse.swift */; };
		CFD3A6B723DA308A00EB6D4D /* AppDelegate.swift in Sources */ = {isa = PBXBuildFile; fileRef = CFD3A6AC23DA308900EB6D4D /* AppDelegate.swift */; };
		CFD3A6BB23DA308A00EB6D4D /* Assets.xcassets in Resources */ = {isa = PBXBuildFile; fileRef = CFD3A6B423DA308A00EB6D4D /* Assets.xcassets */; };
		CFD3A6D723DA41FE00EB6D4D /* Localizable-pt-BR.strings in Resources */ = {isa = PBXBuildFile; fileRef = CFD3A6CF23DA3F9700EB6D4D /* Localizable-pt-BR.strings */; };
		CFD3A6DA23DA443200EB6D4D /* LocalizedText.swift in Sources */ = {isa = PBXBuildFile; fileRef = CFD3A6D923DA443200EB6D4D /* LocalizedText.swift */; };
		CFD3A6DC23DA462000EB6D4D /* Launch Screen.storyboard in Resources */ = {isa = PBXBuildFile; fileRef = CFD3A6DB23DA462000EB6D4D /* Launch Screen.storyboard */; };
		CFDDAA452A2CE23100B6DAB9 /* DetailContentPageFactory.swift in Sources */ = {isa = PBXBuildFile; fileRef = CFAB5CDA2A105A250091F1FF /* DetailContentPageFactory.swift */; };
		CFDDAA462A2CE2FC00B6DAB9 /* DetailContentPageCoordinator.swift in Sources */ = {isa = PBXBuildFile; fileRef = CFAB5CD82A105A250091F1FF /* DetailContentPageCoordinator.swift */; };
		CFDDAA492A2CF3D700B6DAB9 /* ComicFavoriteStorage.swift in Sources */ = {isa = PBXBuildFile; fileRef = CFDDAA482A2CF3D700B6DAB9 /* ComicFavoriteStorage.swift */; };
		CFDDAA4B2A2D014D00B6DAB9 /* Favorable.swift in Sources */ = {isa = PBXBuildFile; fileRef = CFDDAA4A2A2D014D00B6DAB9 /* Favorable.swift */; };
		CFDDAA4D2A2D017500B6DAB9 /* Purchasable.swift in Sources */ = {isa = PBXBuildFile; fileRef = CFDDAA4C2A2D017500B6DAB9 /* Purchasable.swift */; };
		CFDDAA512A2D04D300B6DAB9 /* ListFavoritPageFactory.swift in Sources */ = {isa = PBXBuildFile; fileRef = CFDDAA502A2D04D300B6DAB9 /* ListFavoritPageFactory.swift */; };
		CFDDAA532A2D052600B6DAB9 /* ListFavoritePageCoordinator.swift in Sources */ = {isa = PBXBuildFile; fileRef = CFDDAA522A2D052600B6DAB9 /* ListFavoritePageCoordinator.swift */; };
		CFDDAA552A2D053900B6DAB9 /* CartPageCoordinator.swift in Sources */ = {isa = PBXBuildFile; fileRef = CFDDAA542A2D053900B6DAB9 /* CartPageCoordinator.swift */; };
		CFDDAA572A2D07A400B6DAB9 /* CartPageFactory.swift in Sources */ = {isa = PBXBuildFile; fileRef = CFDDAA562A2D07A400B6DAB9 /* CartPageFactory.swift */; };
		CFDDAA592A2D35B400B6DAB9 /* ComicCartStorage.swift in Sources */ = {isa = PBXBuildFile; fileRef = CFDDAA582A2D35B400B6DAB9 /* ComicCartStorage.swift */; };
		CFDDAA5B2A2D35F000B6DAB9 /* RealmInstance.swift in Sources */ = {isa = PBXBuildFile; fileRef = CFDDAA5A2A2D35F000B6DAB9 /* RealmInstance.swift */; };
		CFDDAA5D2A2D39BE00B6DAB9 /* Selectable.swift in Sources */ = {isa = PBXBuildFile; fileRef = CFDDAA5C2A2D39BE00B6DAB9 /* Selectable.swift */; };
		CFDDAA5F2A2D587300B6DAB9 /* SchemeMigration.swift in Sources */ = {isa = PBXBuildFile; fileRef = CFDDAA5E2A2D587300B6DAB9 /* SchemeMigration.swift */; };
		CFDDAA622A2D6A4000B6DAB9 /* MainTabbarController.swift in Sources */ = {isa = PBXBuildFile; fileRef = CFDDAA612A2D6A4000B6DAB9 /* MainTabbarController.swift */; };
		CFDDAA662A2D723E00B6DAB9 /* MainTabbarFactory.swift in Sources */ = {isa = PBXBuildFile; fileRef = CFDDAA652A2D723E00B6DAB9 /* MainTabbarFactory.swift */; };
		CFE2D5A52A0F4E02001F649F /* Alamofire in Frameworks */ = {isa = PBXBuildFile; productRef = CFE2D5A42A0F4E02001F649F /* Alamofire */; };
		CFE2D5A82A0F4E17001F649F /* Kingfisher in Frameworks */ = {isa = PBXBuildFile; productRef = CFE2D5A72A0F4E17001F649F /* Kingfisher */; };
		CFE71CEA2A293939009F5E12 /* APISecurityTests.swift in Sources */ = {isa = PBXBuildFile; fileRef = CFE71CE92A293939009F5E12 /* APISecurityTests.swift */; };
		CFE71CEC2A2956F9009F5E12 /* URLPathBuilder.swift in Sources */ = {isa = PBXBuildFile; fileRef = CFE71CEB2A2956F9009F5E12 /* URLPathBuilder.swift */; };
		CFE71CEE2A295719009F5E12 /* URLPathBuildable.swift in Sources */ = {isa = PBXBuildFile; fileRef = CFE71CED2A295719009F5E12 /* URLPathBuildable.swift */; };
		CFE71CF02A29913A009F5E12 /* ViewModelBehavior.swift in Sources */ = {isa = PBXBuildFile; fileRef = CFE71CEF2A29913A009F5E12 /* ViewModelBehavior.swift */; };
		CFF2EA112A0F259800709168 /* Constraints.swift in Sources */ = {isa = PBXBuildFile; fileRef = CFF2EA102A0F259800709168 /* Constraints.swift */; };
/* End PBXBuildFile section */

/* Begin PBXContainerItemProxy section */
		CF6414E423E4C1CF009C7A9E /* PBXContainerItemProxy */ = {
			isa = PBXContainerItemProxy;
			containerPortal = CF9601A623DA2A1E00916EF1 /* Project object */;
			proxyType = 1;
			remoteGlobalIDString = CF9601AD23DA2A1E00916EF1;
			remoteInfo = BaseProjectTarget;
		};
/* End PBXContainerItemProxy section */

/* Begin PBXFileReference section */
		CF24569923E4C55B00A1968D /* info.plist */ = {isa = PBXFileReference; fileEncoding = 4; lastKnownFileType = text.plist.xml; path = info.plist; sourceTree = "<group>"; };
		CF2C52652A2A4A7400ECEB24 /* NetworkErrorTests.swift */ = {isa = PBXFileReference; lastKnownFileType = sourcecode.swift; path = NetworkErrorTests.swift; sourceTree = "<group>"; };
		CF2C52672A2A508600ECEB24 /* APIRoutesTests.swift */ = {isa = PBXFileReference; lastKnownFileType = sourcecode.swift; path = APIRoutesTests.swift; sourceTree = "<group>"; };
		CF2C52692A2A74B800ECEB24 /* NetworkRequestParameters.swift */ = {isa = PBXFileReference; lastKnownFileType = sourcecode.swift; path = NetworkRequestParameters.swift; sourceTree = "<group>"; };
		CF2C526B2A2A8C3C00ECEB24 /* RequestParams.swift */ = {isa = PBXFileReference; lastKnownFileType = sourcecode.swift; path = RequestParams.swift; sourceTree = "<group>"; };
		CF2C526D2A2AE9D500ECEB24 /* TableViewAutomaticPaginate.swift */ = {isa = PBXFileReference; lastKnownFileType = sourcecode.swift; path = TableViewAutomaticPaginate.swift; sourceTree = "<group>"; };
		CF2C526F2A2B003900ECEB24 /* YearSelectorView.swift */ = {isa = PBXFileReference; lastKnownFileType = sourcecode.swift; path = YearSelectorView.swift; sourceTree = "<group>"; };
		CF2C52742A2B031400ECEB24 /* ButtonFactoryView.swift */ = {isa = PBXFileReference; lastKnownFileType = sourcecode.swift; path = ButtonFactoryView.swift; sourceTree = "<group>"; };
		CF2C52772A2B131100ECEB24 /* DatePicker.swift */ = {isa = PBXFileReference; lastKnownFileType = sourcecode.swift; path = DatePicker.swift; sourceTree = "<group>"; };
		CF4D914F2A0FFBAE000BE331 /* Coordinator.swift */ = {isa = PBXFileReference; lastKnownFileType = sourcecode.swift; path = Coordinator.swift; sourceTree = "<group>"; };
		CF6414DF23E4C1CF009C7A9E /* marvel-storeTests.xctest */ = {isa = PBXFileReference; explicitFileType = wrapper.cfbundle; includeInIndex = 0; path = "marvel-storeTests.xctest"; sourceTree = BUILT_PRODUCTS_DIR; };
		CF760DF12A2B8E7500C6D4B9 /* ViewMosaicComposer.swift */ = {isa = PBXFileReference; lastKnownFileType = sourcecode.swift; path = ViewMosaicComposer.swift; sourceTree = "<group>"; };
		CF760DF32A2BAC8200C6D4B9 /* ViewHandlerEventUpdate.swift */ = {isa = PBXFileReference; lastKnownFileType = sourcecode.swift; path = ViewHandlerEventUpdate.swift; sourceTree = "<group>"; };
		CF7DC65D2A2DA91A003F455E /* ViewModable.swift */ = {isa = PBXFileReference; lastKnownFileType = sourcecode.swift; path = ViewModable.swift; sourceTree = "<group>"; };
		CF7DC65F2A2DBB0F003F455E /* CurrencyConversor.swift */ = {isa = PBXFileReference; lastKnownFileType = sourcecode.swift; path = CurrencyConversor.swift; sourceTree = "<group>"; };
		CF7EAAA42A27EA7A006F5D12 /* CardTests.swift */ = {isa = PBXFileReference; lastKnownFileType = sourcecode.swift; path = CardTests.swift; sourceTree = "<group>"; };
		CF7EAAAE2A282787006F5D12 /* listContent.json */ = {isa = PBXFileReference; lastKnownFileType = text.json; path = listContent.json; sourceTree = "<group>"; };
		CF7EAAB02A282864006F5D12 /* oneContent.json */ = {isa = PBXFileReference; lastKnownFileType = text.json; path = oneContent.json; sourceTree = "<group>"; };
		CF7EAAB22A2828DD006F5D12 /* MockerContentProvider.swift */ = {isa = PBXFileReference; lastKnownFileType = sourcecode.swift; path = MockerContentProvider.swift; sourceTree = "<group>"; };
		CF7EAABA2A292615006F5D12 /* XCTest.framework */ = {isa = PBXFileReference; lastKnownFileType = wrapper.framework; name = XCTest.framework; path = Platforms/iPhoneOS.platform/Developer/Library/Frameworks/XCTest.framework; sourceTree = DEVELOPER_DIR; };
		CF7EAABF2A292979006F5D12 /* TestPlan.xctestplan */ = {isa = PBXFileReference; lastKnownFileType = text; path = TestPlan.xctestplan; sourceTree = "<group>"; };
		CF9601AE23DA2A1E00916EF1 /* Marvel Store Dev.app */ = {isa = PBXFileReference; explicitFileType = wrapper.application; includeInIndex = 0; path = "Marvel Store Dev.app"; sourceTree = BUILT_PRODUCTS_DIR; };
		CFAB5CAD2A0FFF110091F1FF /* Card.swift */ = {isa = PBXFileReference; lastKnownFileType = sourcecode.swift; path = Card.swift; sourceTree = "<group>"; };
		CFAB5CAF2A0FFF5A0091F1FF /* NetworkConnectable.swift */ = {isa = PBXFileReference; lastKnownFileType = sourcecode.swift; path = NetworkConnectable.swift; sourceTree = "<group>"; };
		CFAB5CB12A0FFFDE0091F1FF /* Requestable.swift */ = {isa = PBXFileReference; lastKnownFileType = sourcecode.swift; path = Requestable.swift; sourceTree = "<group>"; };
		CFAB5CB72A1002B30091F1FF /* Request.swift */ = {isa = PBXFileReference; lastKnownFileType = sourcecode.swift; path = Request.swift; sourceTree = "<group>"; };
		CFAB5CBA2A1006160091F1FF /* NetworkHeaderFactory.swift */ = {isa = PBXFileReference; lastKnownFileType = sourcecode.swift; path = NetworkHeaderFactory.swift; sourceTree = "<group>"; };
		CFAB5CBC2A100E430091F1FF /* NetworkError.swift */ = {isa = PBXFileReference; lastKnownFileType = sourcecode.swift; path = NetworkError.swift; sourceTree = "<group>"; };
		CFAB5CD82A105A250091F1FF /* DetailContentPageCoordinator.swift */ = {isa = PBXFileReference; fileEncoding = 4; lastKnownFileType = sourcecode.swift; path = DetailContentPageCoordinator.swift; sourceTree = "<group>"; };
		CFAB5CDA2A105A250091F1FF /* DetailContentPageFactory.swift */ = {isa = PBXFileReference; fileEncoding = 4; lastKnownFileType = sourcecode.swift; path = DetailContentPageFactory.swift; sourceTree = "<group>"; };
		CFAB5CE32A105F010091F1FF /* ListContentPageCoordinator.swift */ = {isa = PBXFileReference; fileEncoding = 4; lastKnownFileType = sourcecode.swift; path = ListContentPageCoordinator.swift; sourceTree = "<group>"; };
		CFAB5CE42A105F010091F1FF /* ListContentPageController.swift */ = {isa = PBXFileReference; fileEncoding = 4; lastKnownFileType = sourcecode.swift; path = ListContentPageController.swift; sourceTree = "<group>"; };
		CFAB5CE52A105F010091F1FF /* ListContentPageFactory.swift */ = {isa = PBXFileReference; fileEncoding = 4; lastKnownFileType = sourcecode.swift; path = ListContentPageFactory.swift; sourceTree = "<group>"; };
		CFAB5CE62A105F010091F1FF /* ListContentPageViewModel.swift */ = {isa = PBXFileReference; fileEncoding = 4; lastKnownFileType = sourcecode.swift; path = ListContentPageViewModel.swift; sourceTree = "<group>"; };
		CFAB5CEC2A1060620091F1FF /* FactoryPage.swift */ = {isa = PBXFileReference; lastKnownFileType = sourcecode.swift; path = FactoryPage.swift; sourceTree = "<group>"; };
		CFAB5CEF2A1114ED0091F1FF /* GenericTableViewCell.swift */ = {isa = PBXFileReference; lastKnownFileType = sourcecode.swift; path = GenericTableViewCell.swift; sourceTree = "<group>"; };
		CFAB5CF22A1117C40091F1FF /* Identifier.swift */ = {isa = PBXFileReference; lastKnownFileType = sourcecode.swift; path = Identifier.swift; sourceTree = "<group>"; };
		CFAB5CF42A111A3B0091F1FF /* CardModelHandler.swift */ = {isa = PBXFileReference; lastKnownFileType = sourcecode.swift; path = CardModelHandler.swift; sourceTree = "<group>"; };
		CFAB5CF62A111A840091F1FF /* CustomCell.swift */ = {isa = PBXFileReference; lastKnownFileType = sourcecode.swift; path = CustomCell.swift; sourceTree = "<group>"; };
		CFAB5CFA2A1121270091F1FF /* CardFactory.swift */ = {isa = PBXFileReference; lastKnownFileType = sourcecode.swift; path = CardFactory.swift; sourceTree = "<group>"; };
		CFAB5CFE2A112D620091F1FF /* NetworkRequestContent.swift */ = {isa = PBXFileReference; lastKnownFileType = sourcecode.swift; path = NetworkRequestContent.swift; sourceTree = "<group>"; };
		CFAB5D022A11D5480091F1FF /* Model.swift */ = {isa = PBXFileReference; lastKnownFileType = sourcecode.swift; path = Model.swift; sourceTree = "<group>"; };
		CFAB5D042A11DEE70091F1FF /* LayoutView.swift */ = {isa = PBXFileReference; lastKnownFileType = sourcecode.swift; path = LayoutView.swift; sourceTree = "<group>"; };
		CFAB5D072A11E1940091F1FF /* CardListContentView.swift */ = {isa = PBXFileReference; lastKnownFileType = sourcecode.swift; path = CardListContentView.swift; sourceTree = "<group>"; };
		CFAB5D0B2A11E1DB0091F1FF /* CardDetailContentView.swift */ = {isa = PBXFileReference; lastKnownFileType = sourcecode.swift; path = CardDetailContentView.swift; sourceTree = "<group>"; };
		CFAB5D0D2A11EF1B0091F1FF /* CardTouch.swift */ = {isa = PBXFileReference; lastKnownFileType = sourcecode.swift; path = CardTouch.swift; sourceTree = "<group>"; };
		CFAB5D152A1208D00091F1FF /* SearchBarFactory.swift */ = {isa = PBXFileReference; lastKnownFileType = sourcecode.swift; path = SearchBarFactory.swift; sourceTree = "<group>"; };
		CFAB5D172A1217590091F1FF /* ListDataHandler.swift */ = {isa = PBXFileReference; lastKnownFileType = sourcecode.swift; path = ListDataHandler.swift; sourceTree = "<group>"; };
		CFAB5D1D2A127B770091F1FF /* SearchHandlerEvents.swift */ = {isa = PBXFileReference; lastKnownFileType = sourcecode.swift; path = SearchHandlerEvents.swift; sourceTree = "<group>"; };
		CFAB5D222A12F2F60091F1FF /* ColorAsset.swift */ = {isa = PBXFileReference; lastKnownFileType = sourcecode.swift; path = ColorAsset.swift; sourceTree = "<group>"; };
		CFAB5D252A132D330091F1FF /* LoadingViewController.swift */ = {isa = PBXFileReference; lastKnownFileType = sourcecode.swift; path = LoadingViewController.swift; sourceTree = "<group>"; };
		CFAB5D282A132F200091F1FF /* LoadingPresentable.swift */ = {isa = PBXFileReference; lastKnownFileType = sourcecode.swift; path = LoadingPresentable.swift; sourceTree = "<group>"; };
		CFAB5D2B2A1332930091F1FF /* NavigationController.swift */ = {isa = PBXFileReference; lastKnownFileType = sourcecode.swift; path = NavigationController.swift; sourceTree = "<group>"; };
		CFAB5D2D2A13342E0091F1FF /* LoadingManagers.swift */ = {isa = PBXFileReference; lastKnownFileType = sourcecode.swift; path = LoadingManagers.swift; sourceTree = "<group>"; };
		CFAB5D302A133B660091F1FF /* AlertViewFactory.swift */ = {isa = PBXFileReference; lastKnownFileType = sourcecode.swift; path = AlertViewFactory.swift; sourceTree = "<group>"; };
		CFAB5D322A133C410091F1FF /* AlertPresentable.swift */ = {isa = PBXFileReference; lastKnownFileType = sourcecode.swift; path = AlertPresentable.swift; sourceTree = "<group>"; };
		CFB297192A26F17000CA95C3 /* Empty.swift */ = {isa = PBXFileReference; lastKnownFileType = sourcecode.swift; path = Empty.swift; sourceTree = "<group>"; };
		CFC405AD2A254BD700222F60 /* dev-info.plist */ = {isa = PBXFileReference; lastKnownFileType = text.plist.xml; path = "dev-info.plist"; sourceTree = "<group>"; };
		CFC405AE2A254C1600222F60 /* Comics.swift */ = {isa = PBXFileReference; fileEncoding = 4; lastKnownFileType = sourcecode.swift; path = Comics.swift; sourceTree = "<group>"; };
		CFC405B02A2553EC00222F60 /* APISecurity.swift */ = {isa = PBXFileReference; lastKnownFileType = sourcecode.swift; path = APISecurity.swift; sourceTree = "<group>"; };
		CFC405B82A25694A00222F60 /* PaginateResponse.swift */ = {isa = PBXFileReference; lastKnownFileType = sourcecode.swift; path = PaginateResponse.swift; sourceTree = "<group>"; };
		CFD3A6AC23DA308900EB6D4D /* AppDelegate.swift */ = {isa = PBXFileReference; fileEncoding = 4; lastKnownFileType = sourcecode.swift; path = AppDelegate.swift; sourceTree = "<group>"; };
		CFD3A6B223DA308A00EB6D4D /* Info.plist */ = {isa = PBXFileReference; fileEncoding = 4; lastKnownFileType = text.plist.xml; path = Info.plist; sourceTree = "<group>"; };
		CFD3A6B423DA308A00EB6D4D /* Assets.xcassets */ = {isa = PBXFileReference; lastKnownFileType = folder.assetcatalog; path = Assets.xcassets; sourceTree = "<group>"; };
		CFD3A6CE23DA3F9700EB6D4D /* pt-BR */ = {isa = PBXFileReference; lastKnownFileType = text.plist.strings; name = "pt-BR"; path = "pt-BR.lproj/Localizable-pt-BR.strings"; sourceTree = "<group>"; };
		CFD3A6D923DA443200EB6D4D /* LocalizedText.swift */ = {isa = PBXFileReference; lastKnownFileType = sourcecode.swift; path = LocalizedText.swift; sourceTree = "<group>"; };
		CFD3A6DB23DA462000EB6D4D /* Launch Screen.storyboard */ = {isa = PBXFileReference; lastKnownFileType = file.storyboard; path = "Launch Screen.storyboard"; sourceTree = "<group>"; };
		CFDDAA482A2CF3D700B6DAB9 /* ComicFavoriteStorage.swift */ = {isa = PBXFileReference; lastKnownFileType = sourcecode.swift; path = ComicFavoriteStorage.swift; sourceTree = "<group>"; };
		CFDDAA4A2A2D014D00B6DAB9 /* Favorable.swift */ = {isa = PBXFileReference; lastKnownFileType = sourcecode.swift; path = Favorable.swift; sourceTree = "<group>"; };
		CFDDAA4C2A2D017500B6DAB9 /* Purchasable.swift */ = {isa = PBXFileReference; lastKnownFileType = sourcecode.swift; path = Purchasable.swift; sourceTree = "<group>"; };
		CFDDAA502A2D04D300B6DAB9 /* ListFavoritPageFactory.swift */ = {isa = PBXFileReference; lastKnownFileType = sourcecode.swift; path = ListFavoritPageFactory.swift; sourceTree = "<group>"; };
		CFDDAA522A2D052600B6DAB9 /* ListFavoritePageCoordinator.swift */ = {isa = PBXFileReference; lastKnownFileType = sourcecode.swift; path = ListFavoritePageCoordinator.swift; sourceTree = "<group>"; };
		CFDDAA542A2D053900B6DAB9 /* CartPageCoordinator.swift */ = {isa = PBXFileReference; lastKnownFileType = sourcecode.swift; path = CartPageCoordinator.swift; sourceTree = "<group>"; };
		CFDDAA562A2D07A400B6DAB9 /* CartPageFactory.swift */ = {isa = PBXFileReference; lastKnownFileType = sourcecode.swift; path = CartPageFactory.swift; sourceTree = "<group>"; };
		CFDDAA582A2D35B400B6DAB9 /* ComicCartStorage.swift */ = {isa = PBXFileReference; lastKnownFileType = sourcecode.swift; path = ComicCartStorage.swift; sourceTree = "<group>"; };
		CFDDAA5A2A2D35F000B6DAB9 /* RealmInstance.swift */ = {isa = PBXFileReference; lastKnownFileType = sourcecode.swift; path = RealmInstance.swift; sourceTree = "<group>"; };
		CFDDAA5C2A2D39BE00B6DAB9 /* Selectable.swift */ = {isa = PBXFileReference; lastKnownFileType = sourcecode.swift; path = Selectable.swift; sourceTree = "<group>"; };
		CFDDAA5E2A2D587300B6DAB9 /* SchemeMigration.swift */ = {isa = PBXFileReference; lastKnownFileType = sourcecode.swift; path = SchemeMigration.swift; sourceTree = "<group>"; };
		CFDDAA612A2D6A4000B6DAB9 /* MainTabbarController.swift */ = {isa = PBXFileReference; lastKnownFileType = sourcecode.swift; path = MainTabbarController.swift; sourceTree = "<group>"; };
		CFDDAA652A2D723E00B6DAB9 /* MainTabbarFactory.swift */ = {isa = PBXFileReference; lastKnownFileType = sourcecode.swift; path = MainTabbarFactory.swift; sourceTree = "<group>"; };
		CFE2D5AF2A0F572C001F649F /* SwiftIconFont.xcframework */ = {isa = PBXFileReference; lastKnownFileType = wrapper.xcframework; name = SwiftIconFont.xcframework; path = Carthage/Build/SwiftIconFont.xcframework; sourceTree = "<group>"; };
		CFE71CE92A293939009F5E12 /* APISecurityTests.swift */ = {isa = PBXFileReference; lastKnownFileType = sourcecode.swift; path = APISecurityTests.swift; sourceTree = "<group>"; };
		CFE71CEB2A2956F9009F5E12 /* URLPathBuilder.swift */ = {isa = PBXFileReference; lastKnownFileType = sourcecode.swift; path = URLPathBuilder.swift; sourceTree = "<group>"; };
		CFE71CED2A295719009F5E12 /* URLPathBuildable.swift */ = {isa = PBXFileReference; lastKnownFileType = sourcecode.swift; path = URLPathBuildable.swift; sourceTree = "<group>"; };
		CFE71CEF2A29913A009F5E12 /* ViewModelBehavior.swift */ = {isa = PBXFileReference; lastKnownFileType = sourcecode.swift; path = ViewModelBehavior.swift; sourceTree = "<group>"; };
		CFF2EA102A0F259800709168 /* Constraints.swift */ = {isa = PBXFileReference; fileEncoding = 4; lastKnownFileType = sourcecode.swift; path = Constraints.swift; sourceTree = "<group>"; };
/* End PBXFileReference section */

/* Begin PBXFrameworksBuildPhase section */
		CF6414DC23E4C1CF009C7A9E /* Frameworks */ = {
			isa = PBXFrameworksBuildPhase;
			buildActionMask = 2147483647;
			files = (
			);
			runOnlyForDeploymentPostprocessing = 0;
		};
		CF9601AB23DA2A1E00916EF1 /* Frameworks */ = {
			isa = PBXFrameworksBuildPhase;
			buildActionMask = 2147483647;
			files = (
				CFC2F1812A2517AD00A25148 /* RealmSwift in Frameworks */,
				CFC2F17F2A2517AD00A25148 /* Realm in Frameworks */,
				CFE2D5A82A0F4E17001F649F /* Kingfisher in Frameworks */,
				CFE2D5A52A0F4E02001F649F /* Alamofire in Frameworks */,
			);
			runOnlyForDeploymentPostprocessing = 0;
		};
/* End PBXFrameworksBuildPhase section */

/* Begin PBXGroup section */
		CF2C52712A2B004200ECEB24 /* FilterYearSelector */ = {
			isa = PBXGroup;
			children = (
				CF2C526F2A2B003900ECEB24 /* YearSelectorView.swift */,
			);
			path = FilterYearSelector;
			sourceTree = "<group>";
		};
		CF2C52722A2B00B000ECEB24 /* TableViewAutomaticPaginate */ = {
			isa = PBXGroup;
			children = (
				CF2C526D2A2AE9D500ECEB24 /* TableViewAutomaticPaginate.swift */,
			);
			path = TableViewAutomaticPaginate;
			sourceTree = "<group>";
		};
		CF2C52762A2B130300ECEB24 /* DatePicker */ = {
			isa = PBXGroup;
			children = (
				CF2C52772A2B131100ECEB24 /* DatePicker.swift */,
			);
			path = DatePicker;
			sourceTree = "<group>";
		};
		CF4D91462A0FFAD8000BE331 /* Network */ = {
			isa = PBXGroup;
			children = (
				CFAB5CFE2A112D620091F1FF /* NetworkRequestContent.swift */,
				CFAB5CB72A1002B30091F1FF /* Request.swift */,
				CFAB5CBC2A100E430091F1FF /* NetworkError.swift */,
				CFC405B02A2553EC00222F60 /* APISecurity.swift */,
				CFE71CEB2A2956F9009F5E12 /* URLPathBuilder.swift */,
				CF2C526B2A2A8C3C00ECEB24 /* RequestParams.swift */,
			);
			path = Network;
			sourceTree = "<group>";
		};
		CF4D914C2A0FFB47000BE331 /* Interfaces */ = {
			isa = PBXGroup;
			children = (
				CF2C52692A2A74B800ECEB24 /* NetworkRequestParameters.swift */,
				CFAB5D322A133C410091F1FF /* AlertPresentable.swift */,
				CFAB5CAD2A0FFF110091F1FF /* Card.swift */,
				CFAB5CF42A111A3B0091F1FF /* CardModelHandler.swift */,
				CFAB5D0D2A11EF1B0091F1FF /* CardTouch.swift */,
				CF4D914F2A0FFBAE000BE331 /* Coordinator.swift */,
				CFAB5CF62A111A840091F1FF /* CustomCell.swift */,
				CFAB5CEC2A1060620091F1FF /* FactoryPage.swift */,
				CFAB5D172A1217590091F1FF /* ListDataHandler.swift */,
				CFAB5D2D2A13342E0091F1FF /* LoadingManagers.swift */,
				CFAB5D282A132F200091F1FF /* LoadingPresentable.swift */,
				CFAB5D022A11D5480091F1FF /* Model.swift */,
				CFAB5CAF2A0FFF5A0091F1FF /* NetworkConnectable.swift */,
				CFAB5CBA2A1006160091F1FF /* NetworkHeaderFactory.swift */,
				CFAB5CB12A0FFFDE0091F1FF /* Requestable.swift */,
				CFAB5D1D2A127B770091F1FF /* SearchHandlerEvents.swift */,
				CFE71CED2A295719009F5E12 /* URLPathBuildable.swift */,
				CFE71CEF2A29913A009F5E12 /* ViewModelBehavior.swift */,
				CF760DF32A2BAC8200C6D4B9 /* ViewHandlerEventUpdate.swift */,
				CFDDAA4A2A2D014D00B6DAB9 /* Favorable.swift */,
				CFDDAA4C2A2D017500B6DAB9 /* Purchasable.swift */,
				CFDDAA5C2A2D39BE00B6DAB9 /* Selectable.swift */,
				CF7DC65D2A2DA91A003F455E /* ViewModable.swift */,
			);
			path = Interfaces;
			sourceTree = "<group>";
		};
		CF4D914E2A0FFB8C000BE331 /* Cards */ = {
			isa = PBXGroup;
			children = (
				CFAB5D072A11E1940091F1FF /* CardListContentView.swift */,
				CFAB5D0B2A11E1DB0091F1FF /* CardDetailContentView.swift */,
			);
			path = Cards;
			sourceTree = "<group>";
		};
		CF760DF02A2B8E6800C6D4B9 /* ViewMosaicComposer */ = {
			isa = PBXGroup;
			children = (
				CF760DF12A2B8E7500C6D4B9 /* ViewMosaicComposer.swift */,
			);
			path = ViewMosaicComposer;
			sourceTree = "<group>";
		};
		CF7EAAA12A27E3B2006F5D12 /* DevResources */ = {
			isa = PBXGroup;
			children = (
				CFC405AD2A254BD700222F60 /* dev-info.plist */,
			);
			path = DevResources;
			sourceTree = "<group>";
		};
		CF7EAAA32A27E50C006F5D12 /* InterfaceTests */ = {
			isa = PBXGroup;
			children = (
				CF7EAAA42A27EA7A006F5D12 /* CardTests.swift */,
			);
			path = InterfaceTests;
			sourceTree = "<group>";
		};
		CF7EAAAD2A282744006F5D12 /* Request Respose Mocks */ = {
			isa = PBXGroup;
			children = (
				CF7EAAAE2A282787006F5D12 /* listContent.json */,
				CF7EAAB02A282864006F5D12 /* oneContent.json */,
				CF7EAAB22A2828DD006F5D12 /* MockerContentProvider.swift */,
			);
			path = "Request Respose Mocks";
			sourceTree = "<group>";
		};
		CF9601A523DA2A1E00916EF1 = {
			isa = PBXGroup;
			children = (
				CFD3A6A323DA302E00EB6D4D /* source */,
				CF9601AF23DA2A1E00916EF1 /* Products */,
				CFE2D5A92A0F56D8001F649F /* Frameworks */,
			);
			sourceTree = "<group>";
		};
		CF9601AF23DA2A1E00916EF1 /* Products */ = {
			isa = PBXGroup;
			children = (
				CF9601AE23DA2A1E00916EF1 /* Marvel Store Dev.app */,
				CF6414DF23E4C1CF009C7A9E /* marvel-storeTests.xctest */,
			);
			name = Products;
			sourceTree = "<group>";
		};
		CFAB5CB92A1003F80091F1FF /* Shared */ = {
			isa = PBXGroup;
			children = (
				CFDDAA472A2CF3C300B6DAB9 /* Storage */,
				CFAB5D212A12F2E60091F1FF /* AssetsAcessors */,
				CF4D91462A0FFAD8000BE331 /* Network */,
				CFAB5CF92A1120F10091F1FF /* Factories */,
				CFAB5CEE2A1114C10091F1FF /* Component */,
				CFAB5CBE2A101B8F0091F1FF /* Model */,
			);
			path = Shared;
			sourceTree = "<group>";
		};
		CFAB5CBE2A101B8F0091F1FF /* Model */ = {
			isa = PBXGroup;
			children = (
				CFC405AE2A254C1600222F60 /* Comics.swift */,
				CFAB5D042A11DEE70091F1FF /* LayoutView.swift */,
				CFC405B82A25694A00222F60 /* PaginateResponse.swift */,
			);
			path = Model;
			sourceTree = "<group>";
		};
		CFAB5CD12A1056D60091F1FF /* ListContentPage */ = {
			isa = PBXGroup;
			children = (
				CFAB5CE42A105F010091F1FF /* ListContentPageController.swift */,
				CFAB5CE32A105F010091F1FF /* ListContentPageCoordinator.swift */,
				CFAB5CE52A105F010091F1FF /* ListContentPageFactory.swift */,
				CFAB5CE62A105F010091F1FF /* ListContentPageViewModel.swift */,
			);
			path = ListContentPage;
			sourceTree = "<group>";
		};
		CFAB5CD22A1056E40091F1FF /* Pages */ = {
			isa = PBXGroup;
			children = (
				CFDDAA4F2A2D04BE00B6DAB9 /* Cart */,
				CFDDAA4E2A2D04B700B6DAB9 /* Favorites */,
				CFAB5CD32A1056F00091F1FF /* ContentDetailPage */,
				CFAB5CD12A1056D60091F1FF /* ListContentPage */,
			);
			path = Pages;
			sourceTree = "<group>";
		};
		CFAB5CD32A1056F00091F1FF /* ContentDetailPage */ = {
			isa = PBXGroup;
			children = (
				CFAB5CD82A105A250091F1FF /* DetailContentPageCoordinator.swift */,
				CFAB5CDA2A105A250091F1FF /* DetailContentPageFactory.swift */,
			);
			path = ContentDetailPage;
			sourceTree = "<group>";
		};
		CFAB5CEE2A1114C10091F1FF /* Component */ = {
			isa = PBXGroup;
			children = (
				CFDDAA602A2D6A3100B6DAB9 /* MainTabbarController */,
				CF760DF02A2B8E6800C6D4B9 /* ViewMosaicComposer */,
				CF2C52762A2B130300ECEB24 /* DatePicker */,
				CF2C52722A2B00B000ECEB24 /* TableViewAutomaticPaginate */,
				CF2C52712A2B004200ECEB24 /* FilterYearSelector */,
				CFAB5D2A2A1332820091F1FF /* NavigationController */,
				CFAB5D242A132D250091F1FF /* LoadingView */,
				CFAB5D142A1208A30091F1FF /* UISearch */,
				CF4D914E2A0FFB8C000BE331 /* Cards */,
				CFAB5CF82A111D9D0091F1FF /* Cell */,
			);
			path = Component;
			sourceTree = "<group>";
		};
		CFAB5CF12A1117B80091F1FF /* NSObject */ = {
			isa = PBXGroup;
			children = (
				CFAB5CF22A1117C40091F1FF /* Identifier.swift */,
			);
			path = NSObject;
			sourceTree = "<group>";
		};
		CFAB5CF82A111D9D0091F1FF /* Cell */ = {
			isa = PBXGroup;
			children = (
				CFAB5CEF2A1114ED0091F1FF /* GenericTableViewCell.swift */,
			);
			path = Cell;
			sourceTree = "<group>";
		};
		CFAB5CF92A1120F10091F1FF /* Factories */ = {
			isa = PBXGroup;
			children = (
				CFAB5D302A133B660091F1FF /* AlertViewFactory.swift */,
				CFAB5CFA2A1121270091F1FF /* CardFactory.swift */,
				CF2C52742A2B031400ECEB24 /* ButtonFactoryView.swift */,
				CF7DC65F2A2DBB0F003F455E /* CurrencyConversor.swift */,
			);
			path = Factories;
			sourceTree = "<group>";
		};
		CFAB5D142A1208A30091F1FF /* UISearch */ = {
			isa = PBXGroup;
			children = (
				CFAB5D152A1208D00091F1FF /* SearchBarFactory.swift */,
			);
			path = UISearch;
			sourceTree = "<group>";
		};
		CFAB5D212A12F2E60091F1FF /* AssetsAcessors */ = {
			isa = PBXGroup;
			children = (
				CFAB5D222A12F2F60091F1FF /* ColorAsset.swift */,
			);
			path = AssetsAcessors;
			sourceTree = "<group>";
		};
		CFAB5D242A132D250091F1FF /* LoadingView */ = {
			isa = PBXGroup;
			children = (
				CFAB5D252A132D330091F1FF /* LoadingViewController.swift */,
			);
			path = LoadingView;
			sourceTree = "<group>";
		};
		CFAB5D2A2A1332820091F1FF /* NavigationController */ = {
			isa = PBXGroup;
			children = (
				CFAB5D2B2A1332930091F1FF /* NavigationController.swift */,
			);
			path = NavigationController;
			sourceTree = "<group>";
		};
		CFB297162A26F04C00CA95C3 /* String */ = {
			isa = PBXGroup;
			children = (
				CFB297192A26F17000CA95C3 /* Empty.swift */,
			);
			path = String;
			sourceTree = "<group>";
		};
		CFD3A6A323DA302E00EB6D4D /* source */ = {
			isa = PBXGroup;
			children = (
				CF7EAAA12A27E3B2006F5D12 /* DevResources */,
				CFD3A6A423DA304200EB6D4D /* app */,
				CFD3A6BD23DA30EF00EB6D4D /* test */,
			);
			path = source;
			sourceTree = "<group>";
		};
		CFD3A6A423DA304200EB6D4D /* app */ = {
			isa = PBXGroup;
			children = (
				CFD3A6AB23DA308900EB6D4D /* Appdelegates */,
				CFF2EA0E2A0F256D00709168 /* Extensions */,
				CF4D914C2A0FFB47000BE331 /* Interfaces */,
				CFAB5CD22A1056E40091F1FF /* Pages */,
				CFAB5CB92A1003F80091F1FF /* Shared */,
				CFD3A6B023DA308A00EB6D4D /* supportfiles */,
			);
			path = app;
			sourceTree = "<group>";
		};
		CFD3A6AB23DA308900EB6D4D /* Appdelegates */ = {
			isa = PBXGroup;
			children = (
				CFD3A6AC23DA308900EB6D4D /* AppDelegate.swift */,
			);
			path = Appdelegates;
			sourceTree = "<group>";
		};
		CFD3A6B023DA308A00EB6D4D /* supportfiles */ = {
			isa = PBXGroup;
			children = (
				CFD3A6C523DA3F1F00EB6D4D /* LocalizableStrings */,
				CFD3A6B123DA308A00EB6D4D /* plists */,
				CFD3A6B323DA308A00EB6D4D /* assets */,
			);
			path = supportfiles;
			sourceTree = "<group>";
		};
		CFD3A6B123DA308A00EB6D4D /* plists */ = {
			isa = PBXGroup;
			children = (
				CFD3A6B223DA308A00EB6D4D /* Info.plist */,
			);
			path = plists;
			sourceTree = "<group>";
		};
		CFD3A6B323DA308A00EB6D4D /* assets */ = {
			isa = PBXGroup;
			children = (
				CFD3A6B423DA308A00EB6D4D /* Assets.xcassets */,
				CFD3A6DB23DA462000EB6D4D /* Launch Screen.storyboard */,
			);
			path = assets;
			sourceTree = "<group>";
		};
		CFD3A6BD23DA30EF00EB6D4D /* test */ = {
			isa = PBXGroup;
			children = (
				CFE71CE72A2938E5009F5E12 /* Shared */,
				CFE71CE42A292F9E009F5E12 /* TestPlanConfig */,
				CF7EAAAD2A282744006F5D12 /* Request Respose Mocks */,
				CF7EAAA32A27E50C006F5D12 /* InterfaceTests */,
				CF24569923E4C55B00A1968D /* info.plist */,
			);
			path = test;
			sourceTree = "<group>";
		};
		CFD3A6C523DA3F1F00EB6D4D /* LocalizableStrings */ = {
			isa = PBXGroup;
			children = (
				CFD3A6CF23DA3F9700EB6D4D /* Localizable-pt-BR.strings */,
				CFD3A6D923DA443200EB6D4D /* LocalizedText.swift */,
			);
			path = LocalizableStrings;
			sourceTree = "<group>";
		};
		CFDDAA472A2CF3C300B6DAB9 /* Storage */ = {
			isa = PBXGroup;
			children = (
				CFDDAA482A2CF3D700B6DAB9 /* ComicFavoriteStorage.swift */,
				CFDDAA582A2D35B400B6DAB9 /* ComicCartStorage.swift */,
				CFDDAA5A2A2D35F000B6DAB9 /* RealmInstance.swift */,
				CFDDAA5E2A2D587300B6DAB9 /* SchemeMigration.swift */,
			);
			path = Storage;
			sourceTree = "<group>";
		};
		CFDDAA4E2A2D04B700B6DAB9 /* Favorites */ = {
			isa = PBXGroup;
			children = (
				CFDDAA502A2D04D300B6DAB9 /* ListFavoritPageFactory.swift */,
				CFDDAA522A2D052600B6DAB9 /* ListFavoritePageCoordinator.swift */,
			);
			path = Favorites;
			sourceTree = "<group>";
		};
		CFDDAA4F2A2D04BE00B6DAB9 /* Cart */ = {
			isa = PBXGroup;
			children = (
				CFDDAA542A2D053900B6DAB9 /* CartPageCoordinator.swift */,
				CFDDAA562A2D07A400B6DAB9 /* CartPageFactory.swift */,
			);
			path = Cart;
			sourceTree = "<group>";
		};
		CFDDAA602A2D6A3100B6DAB9 /* MainTabbarController */ = {
			isa = PBXGroup;
			children = (
				CFDDAA612A2D6A4000B6DAB9 /* MainTabbarController.swift */,
				CFDDAA652A2D723E00B6DAB9 /* MainTabbarFactory.swift */,
			);
			path = MainTabbarController;
			sourceTree = "<group>";
		};
		CFE2D5A92A0F56D8001F649F /* Frameworks */ = {
			isa = PBXGroup;
			children = (
				CF7EAABA2A292615006F5D12 /* XCTest.framework */,
				CFE2D5AF2A0F572C001F649F /* SwiftIconFont.xcframework */,
			);
			name = Frameworks;
			sourceTree = "<group>";
		};
		CFE71CE42A292F9E009F5E12 /* TestPlanConfig */ = {
			isa = PBXGroup;
			children = (
				CF7EAABF2A292979006F5D12 /* TestPlan.xctestplan */,
			);
			path = TestPlanConfig;
			sourceTree = "<group>";
		};
		CFE71CE72A2938E5009F5E12 /* Shared */ = {
			isa = PBXGroup;
			children = (
				CFE71CE82A2938F3009F5E12 /* Network */,
			);
			path = Shared;
			sourceTree = "<group>";
		};
		CFE71CE82A2938F3009F5E12 /* Network */ = {
			isa = PBXGroup;
			children = (
				CFE71CE92A293939009F5E12 /* APISecurityTests.swift */,
				CF2C52652A2A4A7400ECEB24 /* NetworkErrorTests.swift */,
				CF2C52672A2A508600ECEB24 /* APIRoutesTests.swift */,
			);
			path = Network;
			sourceTree = "<group>";
		};
		CFF2EA0E2A0F256D00709168 /* Extensions */ = {
			isa = PBXGroup;
			children = (
				CFB297162A26F04C00CA95C3 /* String */,
				CFAB5CF12A1117B80091F1FF /* NSObject */,
				CFF2EA0F2A0F257600709168 /* UIView */,
			);
			path = Extensions;
			sourceTree = "<group>";
		};
		CFF2EA0F2A0F257600709168 /* UIView */ = {
			isa = PBXGroup;
			children = (
				CFF2EA102A0F259800709168 /* Constraints.swift */,
			);
			path = UIView;
			sourceTree = "<group>";
		};
/* End PBXGroup section */

/* Begin PBXNativeTarget section */
		CF6414DE23E4C1CF009C7A9E /* marvel-storeTests */ = {
			isa = PBXNativeTarget;
			buildConfigurationList = CF6414E623E4C1CF009C7A9E /* Build configuration list for PBXNativeTarget "marvel-storeTests" */;
			buildPhases = (
				CF6414DB23E4C1CF009C7A9E /* Sources */,
				CF6414DC23E4C1CF009C7A9E /* Frameworks */,
				CF6414DD23E4C1CF009C7A9E /* Resources */,
			);
			buildRules = (
			);
			dependencies = (
				CF6414E523E4C1CF009C7A9E /* PBXTargetDependency */,
			);
			name = "marvel-storeTests";
			packageProductDependencies = (
			);
			productName = BaseProjectTargetTests;
			productReference = CF6414DF23E4C1CF009C7A9E /* marvel-storeTests.xctest */;
			productType = "com.apple.product-type.bundle.unit-test";
		};
		CF9601AD23DA2A1E00916EF1 /* marvel-store */ = {
			isa = PBXNativeTarget;
			buildConfigurationList = CF9601C223DA2A2200916EF1 /* Build configuration list for PBXNativeTarget "marvel-store" */;
			buildPhases = (
				CFD3A6BF23DA3DC600EB6D4D /* Swiftlint */,
				CF9601AA23DA2A1E00916EF1 /* Sources */,
				CF9601AB23DA2A1E00916EF1 /* Frameworks */,
				CF9601AC23DA2A1E00916EF1 /* Resources */,
			);
			buildRules = (
			);
			dependencies = (
			);
			name = "marvel-store";
			packageProductDependencies = (
				CFE2D5A42A0F4E02001F649F /* Alamofire */,
				CFE2D5A72A0F4E17001F649F /* Kingfisher */,
				CFC2F17E2A2517AD00A25148 /* Realm */,
				CFC2F1802A2517AD00A25148 /* RealmSwift */,
			);
			productName = "marvel-store";
			productReference = CF9601AE23DA2A1E00916EF1 /* Marvel Store Dev.app */;
			productType = "com.apple.product-type.application";
		};
/* End PBXNativeTarget section */

/* Begin PBXProject section */
		CF9601A623DA2A1E00916EF1 /* Project object */ = {
			isa = PBXProject;
			attributes = {
				BuildIndependentTargetsInParallel = YES;
				LastSwiftUpdateCheck = 1130;
				LastUpgradeCheck = 1430;
				ORGANIZATIONNAME = developer_organization_name;
				TargetAttributes = {
					CF6414DE23E4C1CF009C7A9E = {
						CreatedOnToolsVersion = 11.3.1;
						TestTargetID = CF9601AD23DA2A1E00916EF1;
					};
					CF9601AD23DA2A1E00916EF1 = {
						CreatedOnToolsVersion = 11.3.1;
					};
				};
			};
			buildConfigurationList = CF9601A923DA2A1E00916EF1 /* Build configuration list for PBXProject "marvel-store" */;
			compatibilityVersion = "Xcode 9.3";
			developmentRegion = en;
			hasScannedForEncodings = 0;
			knownRegions = (
				en,
				Base,
				"pt-BR",
			);
			mainGroup = CF9601A523DA2A1E00916EF1;
			packageReferences = (
				CFE2D5A32A0F4E02001F649F /* XCRemoteSwiftPackageReference "Alamofire" */,
				CFE2D5A62A0F4E17001F649F /* XCRemoteSwiftPackageReference "Kingfisher" */,
				CFC2F17D2A2517AD00A25148 /* XCRemoteSwiftPackageReference "realm-swift" */,
			);
			productRefGroup = CF9601AF23DA2A1E00916EF1 /* Products */;
			projectDirPath = "";
			projectRoot = "";
			targets = (
				CF9601AD23DA2A1E00916EF1 /* marvel-store */,
				CF6414DE23E4C1CF009C7A9E /* marvel-storeTests */,
			);
		};
/* End PBXProject section */

/* Begin PBXResourcesBuildPhase section */
		CF6414DD23E4C1CF009C7A9E /* Resources */ = {
			isa = PBXResourcesBuildPhase;
			buildActionMask = 2147483647;
			files = (
			);
			runOnlyForDeploymentPostprocessing = 0;
		};
		CF9601AC23DA2A1E00916EF1 /* Resources */ = {
			isa = PBXResourcesBuildPhase;
			buildActionMask = 2147483647;
			files = (
				CFD3A6D723DA41FE00EB6D4D /* Localizable-pt-BR.strings in Resources */,
				CFD3A6DC23DA462000EB6D4D /* Launch Screen.storyboard in Resources */,
				CFD3A6BB23DA308A00EB6D4D /* Assets.xcassets in Resources */,
				CF7EAAAF2A282787006F5D12 /* listContent.json in Resources */,
				CF7EAAB12A282864006F5D12 /* oneContent.json in Resources */,
			);
			runOnlyForDeploymentPostprocessing = 0;
		};
/* End PBXResourcesBuildPhase section */

/* Begin PBXShellScriptBuildPhase section */
		CFD3A6BF23DA3DC600EB6D4D /* Swiftlint */ = {
			isa = PBXShellScriptBuildPhase;
			alwaysOutOfDate = 1;
			buildActionMask = 2147483647;
			files = (
			);
			inputFileListPaths = (
			);
			inputPaths = (
			);
			name = Swiftlint;
			outputFileListPaths = (
			);
			outputPaths = (
			);
			runOnlyForDeploymentPostprocessing = 0;
			shellPath = /bin/sh;
			shellScript = "if [[ \"$(uname -m)\" == arm64 ]]; then\n    export PATH=\"/opt/homebrew/bin:$PATH\"\nfi\n\nif which swiftlint > /dev/null; then\n  swiftlint\nelse\n  echo \"warning: SwiftLint not installed, download from https://github.com/realm/SwiftLint\"\nfi\n";
		};
/* End PBXShellScriptBuildPhase section */

/* Begin PBXSourcesBuildPhase section */
		CF6414DB23E4C1CF009C7A9E /* Sources */ = {
			isa = PBXSourcesBuildPhase;
			buildActionMask = 2147483647;
			files = (
				CFE71CEA2A293939009F5E12 /* APISecurityTests.swift in Sources */,
				CF7EAAA52A27EA7A006F5D12 /* CardTests.swift in Sources */,
				CF2C52682A2A508600ECEB24 /* APIRoutesTests.swift in Sources */,
				CF2C52662A2A4A7400ECEB24 /* NetworkErrorTests.swift in Sources */,
			);
			runOnlyForDeploymentPostprocessing = 0;
		};
		CF9601AA23DA2A1E00916EF1 /* Sources */ = {
			isa = PBXSourcesBuildPhase;
			buildActionMask = 2147483647;
			files = (
				CFAB5CF52A111A3B0091F1FF /* CardModelHandler.swift in Sources */,
				CFAB5CEB2A105F010091F1FF /* ListContentPageViewModel.swift in Sources */,
				CFAB5D0C2A11E1DB0091F1FF /* CardDetailContentView.swift in Sources */,
				CFAB5D2C2A1332930091F1FF /* NavigationController.swift in Sources */,
				CFAB5D1E2A127B770091F1FF /* SearchHandlerEvents.swift in Sources */,
				CFB2971A2A26F17000CA95C3 /* Empty.swift in Sources */,
				CFDDAA452A2CE23100B6DAB9 /* DetailContentPageFactory.swift in Sources */,
				CF7EAAB32A2828DD006F5D12 /* MockerContentProvider.swift in Sources */,
				CFAB5CB02A0FFF5A0091F1FF /* NetworkConnectable.swift in Sources */,
				CF2C52782A2B131100ECEB24 /* DatePicker.swift in Sources */,
				CF7DC6602A2DBB0F003F455E /* CurrencyConversor.swift in Sources */,
				CFAB5CF32A1117C40091F1FF /* Identifier.swift in Sources */,
				CFAB5CEA2A105F010091F1FF /* ListContentPageFactory.swift in Sources */,
				CFAB5CE92A105F010091F1FF /* ListContentPageController.swift in Sources */,
				CFC405AF2A254C1600222F60 /* Comics.swift in Sources */,
				CFAB5D162A1208D00091F1FF /* SearchBarFactory.swift in Sources */,
				CFDDAA4B2A2D014D00B6DAB9 /* Favorable.swift in Sources */,
				CF2C526E2A2AE9D500ECEB24 /* TableViewAutomaticPaginate.swift in Sources */,
				CFE71CF02A29913A009F5E12 /* ViewModelBehavior.swift in Sources */,
				CF2C52752A2B031400ECEB24 /* ButtonFactoryView.swift in Sources */,
				CFDDAA662A2D723E00B6DAB9 /* MainTabbarFactory.swift in Sources */,
				CFC405B92A25694A00222F60 /* PaginateResponse.swift in Sources */,
				CFDDAA5F2A2D587300B6DAB9 /* SchemeMigration.swift in Sources */,
				CFAB5CFB2A1121270091F1FF /* CardFactory.swift in Sources */,
				CFAB5D332A133C410091F1FF /* AlertPresentable.swift in Sources */,
				CF2C526C2A2A8C3C00ECEB24 /* RequestParams.swift in Sources */,
				CFAB5D312A133B660091F1FF /* AlertViewFactory.swift in Sources */,
				CFF2EA112A0F259800709168 /* Constraints.swift in Sources */,
				CFAB5CE82A105F010091F1FF /* ListContentPageCoordinator.swift in Sources */,
				CFAB5D182A1217590091F1FF /* ListDataHandler.swift in Sources */,
				CFAB5CB82A1002B30091F1FF /* Request.swift in Sources */,
				CFAB5CFF2A112D620091F1FF /* NetworkRequestContent.swift in Sources */,
				CFAB5CBD2A100E430091F1FF /* NetworkError.swift in Sources */,
				CFAB5D232A12F2F60091F1FF /* ColorAsset.swift in Sources */,
				CFAB5CF02A1114ED0091F1FF /* GenericTableViewCell.swift in Sources */,
				CFAB5CAE2A0FFF110091F1FF /* Card.swift in Sources */,
				CFAB5CB22A0FFFDE0091F1FF /* Requestable.swift in Sources */,
				CFAB5D292A132F200091F1FF /* LoadingPresentable.swift in Sources */,
				CFE71CEE2A295719009F5E12 /* URLPathBuildable.swift in Sources */,
				CFDDAA462A2CE2FC00B6DAB9 /* DetailContentPageCoordinator.swift in Sources */,
				CF7DC65E2A2DA91A003F455E /* ViewModable.swift in Sources */,
				CFAB5D052A11DEE70091F1FF /* LayoutView.swift in Sources */,
				CFDDAA552A2D053900B6DAB9 /* CartPageCoordinator.swift in Sources */,
				CFD3A6B723DA308A00EB6D4D /* AppDelegate.swift in Sources */,
				CF2C526A2A2A74B800ECEB24 /* NetworkRequestParameters.swift in Sources */,
				CFDDAA512A2D04D300B6DAB9 /* ListFavoritPageFactory.swift in Sources */,
				CFDDAA492A2CF3D700B6DAB9 /* ComicFavoriteStorage.swift in Sources */,
				CFDDAA5D2A2D39BE00B6DAB9 /* Selectable.swift in Sources */,
				CFAB5D262A132D330091F1FF /* LoadingViewController.swift in Sources */,
				CFDDAA572A2D07A400B6DAB9 /* CartPageFactory.swift in Sources */,
				CF760DF42A2BAC8200C6D4B9 /* ViewHandlerEventUpdate.swift in Sources */,
				CFAB5D2E2A13342E0091F1FF /* LoadingManagers.swift in Sources */,
				CFD3A6DA23DA443200EB6D4D /* LocalizedText.swift in Sources */,
				CFDDAA532A2D052600B6DAB9 /* ListFavoritePageCoordinator.swift in Sources */,
				CFDDAA5B2A2D35F000B6DAB9 /* RealmInstance.swift in Sources */,
				CFDDAA4D2A2D017500B6DAB9 /* Purchasable.swift in Sources */,
				CFAB5D032A11D5480091F1FF /* Model.swift in Sources */,
				CF760DF22A2B8E7500C6D4B9 /* ViewMosaicComposer.swift in Sources */,
				CFAB5D082A11E1940091F1FF /* CardListContentView.swift in Sources */,
				CFAB5CED2A1060620091F1FF /* FactoryPage.swift in Sources */,
				CFDDAA622A2D6A4000B6DAB9 /* MainTabbarController.swift in Sources */,
				CF2C52702A2B003900ECEB24 /* YearSelectorView.swift in Sources */,
				CFAB5CBB2A1006160091F1FF /* NetworkHeaderFactory.swift in Sources */,
				CFC405B12A2553EC00222F60 /* APISecurity.swift in Sources */,
				CFDDAA592A2D35B400B6DAB9 /* ComicCartStorage.swift in Sources */,
				CFE71CEC2A2956F9009F5E12 /* URLPathBuilder.swift in Sources */,
				CFAB5D0E2A11EF1B0091F1FF /* CardTouch.swift in Sources */,
				CFAB5CF72A111A840091F1FF /* CustomCell.swift in Sources */,
				CF4D91502A0FFBAE000BE331 /* Coordinator.swift in Sources */,
			);
			runOnlyForDeploymentPostprocessing = 0;
		};
/* End PBXSourcesBuildPhase section */

/* Begin PBXTargetDependency section */
		CF6414E523E4C1CF009C7A9E /* PBXTargetDependency */ = {
			isa = PBXTargetDependency;
			target = CF9601AD23DA2A1E00916EF1 /* marvel-store */;
			targetProxy = CF6414E423E4C1CF009C7A9E /* PBXContainerItemProxy */;
		};
/* End PBXTargetDependency section */

/* Begin PBXVariantGroup section */
		CFD3A6CF23DA3F9700EB6D4D /* Localizable-pt-BR.strings */ = {
			isa = PBXVariantGroup;
			children = (
				CFD3A6CE23DA3F9700EB6D4D /* pt-BR */,
			);
			name = "Localizable-pt-BR.strings";
			sourceTree = "<group>";
		};
/* End PBXVariantGroup section */

/* Begin XCBuildConfiguration section */
		CF6414E723E4C1CF009C7A9E /* Debug */ = {
			isa = XCBuildConfiguration;
			buildSettings = {
				BUNDLE_LOADER = "$(TEST_HOST)";
				CODE_SIGN_STYLE = Automatic;
				INFOPLIST_FILE = "$(SRCROOT)/source/test/info.plist";
				IPHONEOS_DEPLOYMENT_TARGET = 13.6;
				LD_RUNPATH_SEARCH_PATHS = (
					"$(inherited)",
					"@executable_path/Frameworks",
					"@loader_path/Frameworks",
				);
				OTHER_LDFLAGS = "";
				PRODUCT_BUNDLE_IDENTIFIER = "com.outlook.tiagofly.marvel-storetests";
				PRODUCT_NAME = "$(TARGET_NAME)";
				SUPPORTED_PLATFORMS = "iphoneos iphonesimulator";
				SUPPORTS_MACCATALYST = NO;
				SUPPORTS_MAC_DESIGNED_FOR_IPHONE_IPAD = NO;
				SWIFT_VERSION = 5.0;
				TARGETED_DEVICE_FAMILY = "1,2";
				TEST_HOST = "$(BUILT_PRODUCTS_DIR)/Marvel Store Dev.app/$(BUNDLE_EXECUTABLE_FOLDER_PATH)/Marvel Store Dev";
				TVOS_DEPLOYMENT_TARGET = 13.4;
			};
			name = Debug;
		};
		CF6414E823E4C1CF009C7A9E /* Release */ = {
			isa = XCBuildConfiguration;
			buildSettings = {
				BUNDLE_LOADER = "$(TEST_HOST)";
				CODE_SIGN_STYLE = Automatic;
				INFOPLIST_FILE = "$(SRCROOT)/source/test/info.plist";
				IPHONEOS_DEPLOYMENT_TARGET = 13.6;
				LD_RUNPATH_SEARCH_PATHS = (
					"$(inherited)",
					"@executable_path/Frameworks",
					"@loader_path/Frameworks",
				);
				OTHER_LDFLAGS = "";
				PRODUCT_BUNDLE_IDENTIFIER = "com.outlook.tiagofly.marvel-storetests";
				PRODUCT_NAME = "$(TARGET_NAME)";
				SUPPORTED_PLATFORMS = "iphoneos iphonesimulator";
				SUPPORTS_MACCATALYST = NO;
				SUPPORTS_MAC_DESIGNED_FOR_IPHONE_IPAD = NO;
				SWIFT_VERSION = 5.0;
				TARGETED_DEVICE_FAMILY = "1,2";
				TEST_HOST = "$(BUILT_PRODUCTS_DIR)/Marvel Store Dev.app/$(BUNDLE_EXECUTABLE_FOLDER_PATH)/Marvel Store Dev";
				TVOS_DEPLOYMENT_TARGET = 13.4;
			};
			name = Release;
		};
		CF9601C023DA2A2200916EF1 /* Debug */ = {
			isa = XCBuildConfiguration;
			buildSettings = {
				ALWAYS_SEARCH_USER_PATHS = NO;
				CLANG_ANALYZER_LOCALIZABILITY_NONLOCALIZED = YES;
				CLANG_ANALYZER_NONNULL = YES;
				CLANG_ANALYZER_NUMBER_OBJECT_CONVERSION = YES_AGGRESSIVE;
				CLANG_CXX_LANGUAGE_STANDARD = "gnu++14";
				CLANG_CXX_LIBRARY = "libc++";
				CLANG_ENABLE_MODULES = YES;
				CLANG_ENABLE_OBJC_ARC = YES;
				CLANG_ENABLE_OBJC_WEAK = YES;
				CLANG_WARN_BLOCK_CAPTURE_AUTORELEASING = YES;
				CLANG_WARN_BOOL_CONVERSION = YES;
				CLANG_WARN_COMMA = YES;
				CLANG_WARN_CONSTANT_CONVERSION = YES;
				CLANG_WARN_DEPRECATED_OBJC_IMPLEMENTATIONS = YES;
				CLANG_WARN_DIRECT_OBJC_ISA_USAGE = YES_ERROR;
				CLANG_WARN_DOCUMENTATION_COMMENTS = YES;
				CLANG_WARN_EMPTY_BODY = YES;
				CLANG_WARN_ENUM_CONVERSION = YES;
				CLANG_WARN_INFINITE_RECURSION = YES;
				CLANG_WARN_INT_CONVERSION = YES;
				CLANG_WARN_NON_LITERAL_NULL_CONVERSION = YES;
				CLANG_WARN_OBJC_IMPLICIT_RETAIN_SELF = YES;
				CLANG_WARN_OBJC_LITERAL_CONVERSION = YES;
				CLANG_WARN_OBJC_ROOT_CLASS = YES_ERROR;
				CLANG_WARN_QUOTED_INCLUDE_IN_FRAMEWORK_HEADER = YES;
				CLANG_WARN_RANGE_LOOP_ANALYSIS = YES;
				CLANG_WARN_STRICT_PROTOTYPES = YES;
				CLANG_WARN_SUSPICIOUS_MOVE = YES;
				CLANG_WARN_UNGUARDED_AVAILABILITY = YES_AGGRESSIVE;
				CLANG_WARN_UNREACHABLE_CODE = YES;
				CLANG_WARN__DUPLICATE_METHOD_MATCH = YES;
				COPY_PHASE_STRIP = NO;
				DEBUG_INFORMATION_FORMAT = dwarf;
				ENABLE_STRICT_OBJC_MSGSEND = YES;
				ENABLE_TESTABILITY = YES;
				GCC_C_LANGUAGE_STANDARD = gnu11;
				GCC_DYNAMIC_NO_PIC = NO;
				GCC_NO_COMMON_BLOCKS = YES;
				GCC_OPTIMIZATION_LEVEL = 0;
				GCC_PREPROCESSOR_DEFINITIONS = (
					"DEBUG=1",
					"$(inherited)",
				);
				GCC_WARN_64_TO_32_BIT_CONVERSION = YES;
				GCC_WARN_ABOUT_RETURN_TYPE = YES_ERROR;
				GCC_WARN_UNDECLARED_SELECTOR = YES;
				GCC_WARN_UNINITIALIZED_AUTOS = YES_AGGRESSIVE;
				GCC_WARN_UNUSED_FUNCTION = YES;
				GCC_WARN_UNUSED_VARIABLE = YES;
				IPHONEOS_DEPLOYMENT_TARGET = 13.6;
				MTL_ENABLE_DEBUG_INFO = INCLUDE_SOURCE;
				MTL_FAST_MATH = YES;
				ONLY_ACTIVE_ARCH = YES;
				SDKROOT = iphoneos;
				SWIFT_ACTIVE_COMPILATION_CONDITIONS = DEBUG;
				SWIFT_OPTIMIZATION_LEVEL = "-Onone";
			};
			name = Debug;
		};
		CF9601C123DA2A2200916EF1 /* Release */ = {
			isa = XCBuildConfiguration;
			buildSettings = {
				ALWAYS_SEARCH_USER_PATHS = NO;
				CLANG_ANALYZER_LOCALIZABILITY_NONLOCALIZED = YES;
				CLANG_ANALYZER_NONNULL = YES;
				CLANG_ANALYZER_NUMBER_OBJECT_CONVERSION = YES_AGGRESSIVE;
				CLANG_CXX_LANGUAGE_STANDARD = "gnu++14";
				CLANG_CXX_LIBRARY = "libc++";
				CLANG_ENABLE_MODULES = YES;
				CLANG_ENABLE_OBJC_ARC = YES;
				CLANG_ENABLE_OBJC_WEAK = YES;
				CLANG_WARN_BLOCK_CAPTURE_AUTORELEASING = YES;
				CLANG_WARN_BOOL_CONVERSION = YES;
				CLANG_WARN_COMMA = YES;
				CLANG_WARN_CONSTANT_CONVERSION = YES;
				CLANG_WARN_DEPRECATED_OBJC_IMPLEMENTATIONS = YES;
				CLANG_WARN_DIRECT_OBJC_ISA_USAGE = YES_ERROR;
				CLANG_WARN_DOCUMENTATION_COMMENTS = YES;
				CLANG_WARN_EMPTY_BODY = YES;
				CLANG_WARN_ENUM_CONVERSION = YES;
				CLANG_WARN_INFINITE_RECURSION = YES;
				CLANG_WARN_INT_CONVERSION = YES;
				CLANG_WARN_NON_LITERAL_NULL_CONVERSION = YES;
				CLANG_WARN_OBJC_IMPLICIT_RETAIN_SELF = YES;
				CLANG_WARN_OBJC_LITERAL_CONVERSION = YES;
				CLANG_WARN_OBJC_ROOT_CLASS = YES_ERROR;
				CLANG_WARN_QUOTED_INCLUDE_IN_FRAMEWORK_HEADER = YES;
				CLANG_WARN_RANGE_LOOP_ANALYSIS = YES;
				CLANG_WARN_STRICT_PROTOTYPES = YES;
				CLANG_WARN_SUSPICIOUS_MOVE = YES;
				CLANG_WARN_UNGUARDED_AVAILABILITY = YES_AGGRESSIVE;
				CLANG_WARN_UNREACHABLE_CODE = YES;
				CLANG_WARN__DUPLICATE_METHOD_MATCH = YES;
				COPY_PHASE_STRIP = NO;
				DEBUG_INFORMATION_FORMAT = "dwarf-with-dsym";
				ENABLE_NS_ASSERTIONS = NO;
				ENABLE_STRICT_OBJC_MSGSEND = YES;
				GCC_C_LANGUAGE_STANDARD = gnu11;
				GCC_NO_COMMON_BLOCKS = YES;
				GCC_WARN_64_TO_32_BIT_CONVERSION = YES;
				GCC_WARN_ABOUT_RETURN_TYPE = YES_ERROR;
				GCC_WARN_UNDECLARED_SELECTOR = YES;
				GCC_WARN_UNINITIALIZED_AUTOS = YES_AGGRESSIVE;
				GCC_WARN_UNUSED_FUNCTION = YES;
				GCC_WARN_UNUSED_VARIABLE = YES;
				IPHONEOS_DEPLOYMENT_TARGET = 13.6;
				MTL_ENABLE_DEBUG_INFO = NO;
				MTL_FAST_MATH = YES;
				SDKROOT = iphoneos;
				SWIFT_COMPILATION_MODE = wholemodule;
				SWIFT_OPTIMIZATION_LEVEL = "-O";
				VALIDATE_PRODUCT = YES;
			};
			name = Release;
		};
		CF9601C323DA2A2200916EF1 /* Debug */ = {
			isa = XCBuildConfiguration;
			buildSettings = {
				ASSETCATALOG_COMPILER_APPICON_NAME = AppIcon;
				BASE_URL = "https://gateway.marvel.com:443";
				CODE_SIGN_STYLE = Automatic;
				CURRENT_PROJECT_VERSION = 2023.05.13.1.1;
				ENABLE_TESTING_SEARCH_PATHS = YES;
				FRAMEWORK_SEARCH_PATHS = "$(inherited)";
				INFOPLIST_FILE = "$(SRCROOT)/source/DevResources/dev-info.plist";
				INFOPLIST_KEY_LSApplicationCategoryType = "public.app-category.magazines-and-newspapers";
				IPHONEOS_DEPLOYMENT_TARGET = 13.6;
				LD_RUNPATH_SEARCH_PATHS = (
					"$(inherited)",
					"@executable_path/Frameworks",
				);
				MARKETING_VERSION = 1.0.0;
				PRODUCT_BUNDLE_IDENTIFIER = "com.outlook.tiagofly.marvel-store.dev";
				PRODUCT_NAME = "Marvel Store Dev";
				SUPPORTED_PLATFORMS = "iphoneos iphonesimulator";
				SUPPORTS_MACCATALYST = NO;
				SUPPORTS_MAC_DESIGNED_FOR_IPHONE_IPAD = NO;
				SWIFT_OBJC_BRIDGING_HEADER = "";
				SWIFT_VERSION = 5.0;
				TARGETED_DEVICE_FAMILY = "1,2";
				TVOS_DEPLOYMENT_TARGET = 13.4;
			};
			name = Debug;
		};
		CF9601C423DA2A2200916EF1 /* Release */ = {
			isa = XCBuildConfiguration;
			buildSettings = {
				ASSETCATALOG_COMPILER_APPICON_NAME = AppIcon;
				BASE_URL = "https://gateway.marvel.com:443";
				CODE_SIGN_STYLE = Automatic;
				CURRENT_PROJECT_VERSION = 2023.05.13.1.1;
				ENABLE_NS_ASSERTIONS = NO;
				ENABLE_TESTING_SEARCH_PATHS = YES;
				FRAMEWORK_SEARCH_PATHS = "$(inherited)";
				GCC_PREPROCESSOR_DEFINITIONS = "";
				INFOPLIST_FILE = "$(SRCROOT)/source/app/supportfiles/plists/Info.plist";
				INFOPLIST_KEY_LSApplicationCategoryType = "public.app-category.magazines-and-newspapers";
				IPHONEOS_DEPLOYMENT_TARGET = 13.6;
				LD_RUNPATH_SEARCH_PATHS = (
					"$(inherited)",
					"@executable_path/Frameworks",
				);
				MARKETING_VERSION = 1.0.0;
				PRODUCT_BUNDLE_IDENTIFIER = "com.outlook.tiagofly.marvel-store";
				PRODUCT_NAME = "Marvel Store";
				SUPPORTED_PLATFORMS = "iphoneos iphonesimulator";
				SUPPORTS_MACCATALYST = NO;
				SUPPORTS_MAC_DESIGNED_FOR_IPHONE_IPAD = NO;
				SWIFT_OBJC_BRIDGING_HEADER = "";
				SWIFT_VERSION = 5.0;
				TARGETED_DEVICE_FAMILY = "1,2";
				TVOS_DEPLOYMENT_TARGET = 13.4;
			};
			name = Release;
		};
/* End XCBuildConfiguration section */

/* Begin XCConfigurationList section */
		CF6414E623E4C1CF009C7A9E /* Build configuration list for PBXNativeTarget "marvel-storeTests" */ = {
			isa = XCConfigurationList;
			buildConfigurations = (
				CF6414E723E4C1CF009C7A9E /* Debug */,
				CF6414E823E4C1CF009C7A9E /* Release */,
			);
			defaultConfigurationIsVisible = 0;
			defaultConfigurationName = Release;
		};
		CF9601A923DA2A1E00916EF1 /* Build configuration list for PBXProject "marvel-store" */ = {
			isa = XCConfigurationList;
			buildConfigurations = (
				CF9601C023DA2A2200916EF1 /* Debug */,
				CF9601C123DA2A2200916EF1 /* Release */,
			);
			defaultConfigurationIsVisible = 0;
			defaultConfigurationName = Release;
		};
		CF9601C223DA2A2200916EF1 /* Build configuration list for PBXNativeTarget "marvel-store" */ = {
			isa = XCConfigurationList;
			buildConfigurations = (
				CF9601C323DA2A2200916EF1 /* Debug */,
				CF9601C423DA2A2200916EF1 /* Release */,
			);
			defaultConfigurationIsVisible = 0;
			defaultConfigurationName = Release;
		};
/* End XCConfigurationList section */

/* Begin XCRemoteSwiftPackageReference section */
		CFC2F17D2A2517AD00A25148 /* XCRemoteSwiftPackageReference "realm-swift" */ = {
			isa = XCRemoteSwiftPackageReference;
			repositoryURL = "https://github.com/realm/realm-swift.git";
			requirement = {
				branch = master;
				kind = branch;
			};
		};
		CFE2D5A32A0F4E02001F649F /* XCRemoteSwiftPackageReference "Alamofire" */ = {
			isa = XCRemoteSwiftPackageReference;
			repositoryURL = "https://github.com/Alamofire/Alamofire";
			requirement = {
				kind = exactVersion;
				version = 5.7.1;
			};
		};
		CFE2D5A62A0F4E17001F649F /* XCRemoteSwiftPackageReference "Kingfisher" */ = {
			isa = XCRemoteSwiftPackageReference;
			repositoryURL = "https://github.com/onevcat/Kingfisher";
			requirement = {
				kind = exactVersion;
				version = 7.6.2;
			};
		};
/* End XCRemoteSwiftPackageReference section */

/* Begin XCSwiftPackageProductDependency section */
		CFC2F17E2A2517AD00A25148 /* Realm */ = {
			isa = XCSwiftPackageProductDependency;
			package = CFC2F17D2A2517AD00A25148 /* XCRemoteSwiftPackageReference "realm-swift" */;
			productName = Realm;
		};
		CFC2F1802A2517AD00A25148 /* RealmSwift */ = {
			isa = XCSwiftPackageProductDependency;
			package = CFC2F17D2A2517AD00A25148 /* XCRemoteSwiftPackageReference "realm-swift" */;
			productName = RealmSwift;
		};
		CFE2D5A42A0F4E02001F649F /* Alamofire */ = {
			isa = XCSwiftPackageProductDependency;
			package = CFE2D5A32A0F4E02001F649F /* XCRemoteSwiftPackageReference "Alamofire" */;
			productName = Alamofire;
		};
		CFE2D5A72A0F4E17001F649F /* Kingfisher */ = {
			isa = XCSwiftPackageProductDependency;
			package = CFE2D5A62A0F4E17001F649F /* XCRemoteSwiftPackageReference "Kingfisher" */;
			productName = Kingfisher;
		};
/* End XCSwiftPackageProductDependency section */
	};
	rootObject = CF9601A623DA2A1E00916EF1 /* Project object */;
}
